{
  "lockfileVersion": 1,
  "workspaces": {
    "": {
      "name": "@mapl/web",
      "dependencies": {
        "@mapl/framework": "^0.6.3",
        "@mapl/router": "^0.6.4",
        "@safe-std/error": "^2.0.4",
        "runtime-compiler": "^1.2.7",
      },
      "devDependencies": {
        "@biomejs/biome": "^1.9.4",
        "@mapl/stnl": "^0.2.6",
        "@rollup/plugin-terser": "latest",
        "@types/bun": "^1.3.0",
        "mitata": "^1.0.34",
        "oxc-minify": "^0.94.0",
        "oxc-transform": "^0.94.0",
        "rolldown": "latest",
        "srvx": "^0.8.15",
        "tsx": "^4.20.6",
        "typescript": "^5.9.3",
      },
    },
  },
  "trustedDependencies": [
    "esbuild",
    "@biomejs/biome",
  ],
  "packages": {
    "@biomejs/biome": ["@biomejs/biome@1.9.4", "", { "optionalDependencies": { "@biomejs/cli-darwin-arm64": "1.9.4", "@biomejs/cli-darwin-x64": "1.9.4", "@biomejs/cli-linux-arm64": "1.9.4", "@biomejs/cli-linux-arm64-musl": "1.9.4", "@biomejs/cli-linux-x64": "1.9.4", "@biomejs/cli-linux-x64-musl": "1.9.4", "@biomejs/cli-win32-arm64": "1.9.4", "@biomejs/cli-win32-x64": "1.9.4" }, "bin": { "biome": "bin/biome" } }, "sha512-1rkd7G70+o9KkTn5KLmDYXihGoTaIGO9PIIN2ZB7UJxFrWw04CZHPYiMRjYsaDvVV7hP1dYNRLxSANLaBFGpog=="],

    "@biomejs/cli-darwin-arm64": ["@biomejs/cli-darwin-arm64@1.9.4", "", { "os": "darwin", "cpu": "arm64" }, "sha512-bFBsPWrNvkdKrNCYeAp+xo2HecOGPAy9WyNyB/jKnnedgzl4W4Hb9ZMzYNbf8dMCGmUdSavlYHiR01QaYR58cw=="],

    "@biomejs/cli-darwin-x64": ["@biomejs/cli-darwin-x64@1.9.4", "", { "os": "darwin", "cpu": "x64" }, "sha512-ngYBh/+bEedqkSevPVhLP4QfVPCpb+4BBe2p7Xs32dBgs7rh9nY2AIYUL6BgLw1JVXV8GlpKmb/hNiuIxfPfZg=="],

    "@biomejs/cli-linux-arm64": ["@biomejs/cli-linux-arm64@1.9.4", "", { "os": "linux", "cpu": "arm64" }, "sha512-fJIW0+LYujdjUgJJuwesP4EjIBl/N/TcOX3IvIHJQNsAqvV2CHIogsmA94BPG6jZATS4Hi+xv4SkBBQSt1N4/g=="],

    "@biomejs/cli-linux-arm64-musl": ["@biomejs/cli-linux-arm64-musl@1.9.4", "", { "os": "linux", "cpu": "arm64" }, "sha512-v665Ct9WCRjGa8+kTr0CzApU0+XXtRgwmzIf1SeKSGAv+2scAlW6JR5PMFo6FzqqZ64Po79cKODKf3/AAmECqA=="],

    "@biomejs/cli-linux-x64": ["@biomejs/cli-linux-x64@1.9.4", "", { "os": "linux", "cpu": "x64" }, "sha512-lRCJv/Vi3Vlwmbd6K+oQ0KhLHMAysN8lXoCI7XeHlxaajk06u7G+UsFSO01NAs5iYuWKmVZjmiOzJ0OJmGsMwg=="],

    "@biomejs/cli-linux-x64-musl": ["@biomejs/cli-linux-x64-musl@1.9.4", "", { "os": "linux", "cpu": "x64" }, "sha512-gEhi/jSBhZ2m6wjV530Yy8+fNqG8PAinM3oV7CyO+6c3CEh16Eizm21uHVsyVBEB6RIM8JHIl6AGYCv6Q6Q9Tg=="],

    "@biomejs/cli-win32-arm64": ["@biomejs/cli-win32-arm64@1.9.4", "", { "os": "win32", "cpu": "arm64" }, "sha512-tlbhLk+WXZmgwoIKwHIHEBZUwxml7bRJgk0X2sPyNR3S93cdRq6XulAZRQJ17FYGGzWne0fgrXBKpl7l4M87Hg=="],

    "@biomejs/cli-win32-x64": ["@biomejs/cli-win32-x64@1.9.4", "", { "os": "win32", "cpu": "x64" }, "sha512-8Y5wMhVIPaWe6jw2H+KlEm4wP/f7EW3810ZLmDlrEEy5KvBsb9ECEfu/kMWD484ijfQ8+nIi0giMgu9g1UAuuA=="],

    "@emnapi/core": ["@emnapi/core@1.5.0", "", { "dependencies": { "@emnapi/wasi-threads": "1.1.0", "tslib": "^2.4.0" } }, "sha512-sbP8GzB1WDzacS8fgNPpHlp6C9VZe+SJP3F90W9rLemaQj2PzIuTEl1qDOYQf58YIpyjViI24y9aPWCjEzY2cg=="],

    "@emnapi/runtime": ["@emnapi/runtime@1.5.0", "", { "dependencies": { "tslib": "^2.4.0" } }, "sha512-97/BJ3iXHww3djw6hYIfErCZFee7qCtrneuLa20UXFCOTCfBM2cvQHjWJ2EG0s0MtdNwInarqCTz35i4wWXHsQ=="],

    "@emnapi/wasi-threads": ["@emnapi/wasi-threads@1.1.0", "", { "dependencies": { "tslib": "^2.4.0" } }, "sha512-WI0DdZ8xFSbgMjR1sFsKABJ/C5OnRrjT06JXbZKexJGrDuPTzZdDYfFlsgcCXCyf+suG5QU2e/y1Wo2V/OapLQ=="],

    "@esbuild/aix-ppc64": ["@esbuild/aix-ppc64@0.25.10", "", { "os": "aix", "cpu": "ppc64" }, "sha512-0NFWnA+7l41irNuaSVlLfgNT12caWJVLzp5eAVhZ0z1qpxbockccEt3s+149rE64VUI3Ml2zt8Nv5JVc4QXTsw=="],

    "@esbuild/android-arm": ["@esbuild/android-arm@0.25.10", "", { "os": "android", "cpu": "arm" }, "sha512-dQAxF1dW1C3zpeCDc5KqIYuZ1tgAdRXNoZP7vkBIRtKZPYe2xVr/d3SkirklCHudW1B45tGiUlz2pUWDfbDD4w=="],

    "@esbuild/android-arm64": ["@esbuild/android-arm64@0.25.10", "", { "os": "android", "cpu": "arm64" }, "sha512-LSQa7eDahypv/VO6WKohZGPSJDq5OVOo3UoFR1E4t4Gj1W7zEQMUhI+lo81H+DtB+kP+tDgBp+M4oNCwp6kffg=="],

    "@esbuild/android-x64": ["@esbuild/android-x64@0.25.10", "", { "os": "android", "cpu": "x64" }, "sha512-MiC9CWdPrfhibcXwr39p9ha1x0lZJ9KaVfvzA0Wxwz9ETX4v5CHfF09bx935nHlhi+MxhA63dKRRQLiVgSUtEg=="],

    "@esbuild/darwin-arm64": ["@esbuild/darwin-arm64@0.25.10", "", { "os": "darwin", "cpu": "arm64" }, "sha512-JC74bdXcQEpW9KkV326WpZZjLguSZ3DfS8wrrvPMHgQOIEIG/sPXEN/V8IssoJhbefLRcRqw6RQH2NnpdprtMA=="],

    "@esbuild/darwin-x64": ["@esbuild/darwin-x64@0.25.10", "", { "os": "darwin", "cpu": "x64" }, "sha512-tguWg1olF6DGqzws97pKZ8G2L7Ig1vjDmGTwcTuYHbuU6TTjJe5FXbgs5C1BBzHbJ2bo1m3WkQDbWO2PvamRcg=="],

    "@esbuild/freebsd-arm64": ["@esbuild/freebsd-arm64@0.25.10", "", { "os": "freebsd", "cpu": "arm64" }, "sha512-3ZioSQSg1HT2N05YxeJWYR+Libe3bREVSdWhEEgExWaDtyFbbXWb49QgPvFH8u03vUPX10JhJPcz7s9t9+boWg=="],

    "@esbuild/freebsd-x64": ["@esbuild/freebsd-x64@0.25.10", "", { "os": "freebsd", "cpu": "x64" }, "sha512-LLgJfHJk014Aa4anGDbh8bmI5Lk+QidDmGzuC2D+vP7mv/GeSN+H39zOf7pN5N8p059FcOfs2bVlrRr4SK9WxA=="],

    "@esbuild/linux-arm": ["@esbuild/linux-arm@0.25.10", "", { "os": "linux", "cpu": "arm" }, "sha512-oR31GtBTFYCqEBALI9r6WxoU/ZofZl962pouZRTEYECvNF/dtXKku8YXcJkhgK/beU+zedXfIzHijSRapJY3vg=="],

    "@esbuild/linux-arm64": ["@esbuild/linux-arm64@0.25.10", "", { "os": "linux", "cpu": "arm64" }, "sha512-5luJWN6YKBsawd5f9i4+c+geYiVEw20FVW5x0v1kEMWNq8UctFjDiMATBxLvmmHA4bf7F6hTRaJgtghFr9iziQ=="],

    "@esbuild/linux-ia32": ["@esbuild/linux-ia32@0.25.10", "", { "os": "linux", "cpu": "ia32" }, "sha512-NrSCx2Kim3EnnWgS4Txn0QGt0Xipoumb6z6sUtl5bOEZIVKhzfyp/Lyw4C1DIYvzeW/5mWYPBFJU3a/8Yr75DQ=="],

    "@esbuild/linux-loong64": ["@esbuild/linux-loong64@0.25.10", "", { "os": "linux", "cpu": "none" }, "sha512-xoSphrd4AZda8+rUDDfD9J6FUMjrkTz8itpTITM4/xgerAZZcFW7Dv+sun7333IfKxGG8gAq+3NbfEMJfiY+Eg=="],

    "@esbuild/linux-mips64el": ["@esbuild/linux-mips64el@0.25.10", "", { "os": "linux", "cpu": "none" }, "sha512-ab6eiuCwoMmYDyTnyptoKkVS3k8fy/1Uvq7Dj5czXI6DF2GqD2ToInBI0SHOp5/X1BdZ26RKc5+qjQNGRBelRA=="],

    "@esbuild/linux-ppc64": ["@esbuild/linux-ppc64@0.25.10", "", { "os": "linux", "cpu": "ppc64" }, "sha512-NLinzzOgZQsGpsTkEbdJTCanwA5/wozN9dSgEl12haXJBzMTpssebuXR42bthOF3z7zXFWH1AmvWunUCkBE4EA=="],

    "@esbuild/linux-riscv64": ["@esbuild/linux-riscv64@0.25.10", "", { "os": "linux", "cpu": "none" }, "sha512-FE557XdZDrtX8NMIeA8LBJX3dC2M8VGXwfrQWU7LB5SLOajfJIxmSdyL/gU1m64Zs9CBKvm4UAuBp5aJ8OgnrA=="],

    "@esbuild/linux-s390x": ["@esbuild/linux-s390x@0.25.10", "", { "os": "linux", "cpu": "s390x" }, "sha512-3BBSbgzuB9ajLoVZk0mGu+EHlBwkusRmeNYdqmznmMc9zGASFjSsxgkNsqmXugpPk00gJ0JNKh/97nxmjctdew=="],

    "@esbuild/linux-x64": ["@esbuild/linux-x64@0.25.10", "", { "os": "linux", "cpu": "x64" }, "sha512-QSX81KhFoZGwenVyPoberggdW1nrQZSvfVDAIUXr3WqLRZGZqWk/P4T8p2SP+de2Sr5HPcvjhcJzEiulKgnxtA=="],

    "@esbuild/netbsd-arm64": ["@esbuild/netbsd-arm64@0.25.10", "", { "os": "none", "cpu": "arm64" }, "sha512-AKQM3gfYfSW8XRk8DdMCzaLUFB15dTrZfnX8WXQoOUpUBQ+NaAFCP1kPS/ykbbGYz7rxn0WS48/81l9hFl3u4A=="],

    "@esbuild/netbsd-x64": ["@esbuild/netbsd-x64@0.25.10", "", { "os": "none", "cpu": "x64" }, "sha512-7RTytDPGU6fek/hWuN9qQpeGPBZFfB4zZgcz2VK2Z5VpdUxEI8JKYsg3JfO0n/Z1E/6l05n0unDCNc4HnhQGig=="],

    "@esbuild/openbsd-arm64": ["@esbuild/openbsd-arm64@0.25.10", "", { "os": "openbsd", "cpu": "arm64" }, "sha512-5Se0VM9Wtq797YFn+dLimf2Zx6McttsH2olUBsDml+lm0GOCRVebRWUvDtkY4BWYv/3NgzS8b/UM3jQNh5hYyw=="],

    "@esbuild/openbsd-x64": ["@esbuild/openbsd-x64@0.25.10", "", { "os": "openbsd", "cpu": "x64" }, "sha512-XkA4frq1TLj4bEMB+2HnI0+4RnjbuGZfet2gs/LNs5Hc7D89ZQBHQ0gL2ND6Lzu1+QVkjp3x1gIcPKzRNP8bXw=="],

    "@esbuild/openharmony-arm64": ["@esbuild/openharmony-arm64@0.25.10", "", { "os": "none", "cpu": "arm64" }, "sha512-AVTSBhTX8Y/Fz6OmIVBip9tJzZEUcY8WLh7I59+upa5/GPhh2/aM6bvOMQySspnCCHvFi79kMtdJS1w0DXAeag=="],

    "@esbuild/sunos-x64": ["@esbuild/sunos-x64@0.25.10", "", { "os": "sunos", "cpu": "x64" }, "sha512-fswk3XT0Uf2pGJmOpDB7yknqhVkJQkAQOcW/ccVOtfx05LkbWOaRAtn5SaqXypeKQra1QaEa841PgrSL9ubSPQ=="],

    "@esbuild/win32-arm64": ["@esbuild/win32-arm64@0.25.10", "", { "os": "win32", "cpu": "arm64" }, "sha512-ah+9b59KDTSfpaCg6VdJoOQvKjI33nTaQr4UluQwW7aEwZQsbMCfTmfEO4VyewOxx4RaDT/xCy9ra2GPWmO7Kw=="],

    "@esbuild/win32-ia32": ["@esbuild/win32-ia32@0.25.10", "", { "os": "win32", "cpu": "ia32" }, "sha512-QHPDbKkrGO8/cz9LKVnJU22HOi4pxZnZhhA2HYHez5Pz4JeffhDjf85E57Oyco163GnzNCVkZK0b/n4Y0UHcSw=="],

    "@esbuild/win32-x64": ["@esbuild/win32-x64@0.25.10", "", { "os": "win32", "cpu": "x64" }, "sha512-9KpxSVFCu0iK1owoez6aC/s/EdUQLDN3adTxGCqxMVhrPDj6bt5dbrHDXUuq+Bs2vATFBBrQS5vdQ/Ed2P+nbw=="],

    "@jridgewell/gen-mapping": ["@jridgewell/gen-mapping@0.3.13", "", { "dependencies": { "@jridgewell/sourcemap-codec": "^1.5.0", "@jridgewell/trace-mapping": "^0.3.24" } }, "sha512-2kkt/7niJ6MgEPxF0bYdQ6etZaA+fQvDcLKckhy1yIQOzaoKjBBjSj63/aLVjYE3qhRt5dvM+uUyfCg6UKCBbA=="],

    "@jridgewell/resolve-uri": ["@jridgewell/resolve-uri@3.1.2", "", {}, "sha512-bRISgCIjP20/tbWSPWMEi54QVPRZExkuD9lJL+UIxUKtwVJA8wW1Trb1jMs1RFXo1CBTNZ/5hpC9QvmKWdopKw=="],

    "@jridgewell/source-map": ["@jridgewell/source-map@0.3.11", "", { "dependencies": { "@jridgewell/gen-mapping": "^0.3.5", "@jridgewell/trace-mapping": "^0.3.25" } }, "sha512-ZMp1V8ZFcPG5dIWnQLr3NSI1MiCU7UETdS/A0G8V/XWHvJv3ZsFqutJn1Y5RPmAPX6F3BiE397OqveU/9NCuIA=="],

    "@jridgewell/sourcemap-codec": ["@jridgewell/sourcemap-codec@1.5.5", "", {}, "sha512-cYQ9310grqxueWbl+WuIUIaiUaDcj7WOq5fVhEljNVgRfOUhY9fy2zTvfoqWsnebh8Sl70VScFbICvJnLKB0Og=="],

    "@jridgewell/trace-mapping": ["@jridgewell/trace-mapping@0.3.31", "", { "dependencies": { "@jridgewell/resolve-uri": "^3.1.0", "@jridgewell/sourcemap-codec": "^1.4.14" } }, "sha512-zzNR+SdQSDJzc8joaeP8QQoCQr8NuYx2dIIytl1QeBEZHJ9uW6hebsrYgbz8hJwUQao3TWCMtmfV8Nu1twOLAw=="],

    "@mapl/framework": ["@mapl/framework@0.6.3", "", {}, "sha512-X2di6GWjQ+lIWIyVhKuEnd83b6Y/d03UPHNX4uIYfVV1UH5wDXkkWzsugg1IagzE/JI9wRkgq7Ra5kaSfq9cqg=="],

    "@mapl/router": ["@mapl/router@0.6.4", "", {}, "sha512-yHGwrh4uGnpnjOFVHMcpVMANwIyqfr+0HGWQudXaHIE7iaHZlQz+4sQQzdEJfnBZsf03bviGKm5gQ6eDGmvo+g=="],

    "@mapl/stnl": ["@mapl/stnl@0.2.6", "", { "peerDependencies": { "@mapl/web": "~0.3.18", "stnl": "~1.3.2" } }, "sha512-pTkWhA67fyvwTlSwiG7/Ccjhq7enFR4dh9cFP/1IYn46gSJB2D8ovpUbiOdXiwccTwbQQJxDiN865QV/qplT6w=="],

    "@mapl/web": ["@mapl/web@0.3.18", "", { "dependencies": { "@mapl/framework": "^0.6.2", "@mapl/router": "^0.6.4", "@safe-std/error": "^2.0.4", "runtime-compiler": "^1.2.6" } }, "sha512-CN8m7F4O6mr8QfWoFgQum/jFN1H2UKBxIBmVdGsB8j3pjcKCHYg15MiwDsfol7ssEwvAbgLlpyrlVoYw3hGDtw=="],

    "@napi-rs/wasm-runtime": ["@napi-rs/wasm-runtime@1.0.7", "", { "dependencies": { "@emnapi/core": "^1.5.0", "@emnapi/runtime": "^1.5.0", "@tybys/wasm-util": "^0.10.1" } }, "sha512-SeDnOO0Tk7Okiq6DbXmmBODgOAb9dp9gjlphokTUxmt8U3liIP1ZsozBahH69j/RJv+Rfs6IwUKHTgQYJ/HBAw=="],

    "@oxc-minify/binding-android-arm64": ["@oxc-minify/binding-android-arm64@0.94.0", "", { "os": "android", "cpu": "arm64" }, "sha512-7VEBFFFAi4cYqlW/ziVs5XmNM/0IqAp7duBuTM/zus/EOc3Q2zhS9ApJo0zIwbRUZMlIm1RHe8Hths//xE7K1A=="],

    "@oxc-minify/binding-darwin-arm64": ["@oxc-minify/binding-darwin-arm64@0.94.0", "", { "os": "darwin", "cpu": "arm64" }, "sha512-T0k3pG/izIutpl8cQl9Xeb0TikBILGd3rglCgRhhG5G5xsk/AAAp/qsSdzBm/8yMXksfRWqE0teh7XDWKmzOXw=="],

    "@oxc-minify/binding-darwin-x64": ["@oxc-minify/binding-darwin-x64@0.94.0", "", { "os": "darwin", "cpu": "x64" }, "sha512-1gJeYcQf0Mmnu9Gxld2dLJGXTm9EzOQKRAjCVT2xGciKrNeekkJntDb+NdzxcSNPTjchkvbDwY6lCGZbcJx2lg=="],

    "@oxc-minify/binding-freebsd-x64": ["@oxc-minify/binding-freebsd-x64@0.94.0", "", { "os": "freebsd", "cpu": "x64" }, "sha512-LvaxVkEVLgBNQO2RUYwbmRC0cLpq5WHPsM7B4xsojwqpJNsK5l2VnTAuExvPthC1gKWlsoQsVoT03Ex/SZ4FOw=="],

    "@oxc-minify/binding-linux-arm-gnueabihf": ["@oxc-minify/binding-linux-arm-gnueabihf@0.94.0", "", { "os": "linux", "cpu": "arm" }, "sha512-o/IEdJKl7Y78fIvIRPeA4ccgmOAzeMS8tsjpO7XlENWPzS3cA/6Iy4BqMqYyqUZewgt0a2ggw0zAioIwKPiDmw=="],

    "@oxc-minify/binding-linux-arm-musleabihf": ["@oxc-minify/binding-linux-arm-musleabihf@0.94.0", "", { "os": "linux", "cpu": "arm" }, "sha512-hFCeIV/eCASCW/F2t/DR4JUKUNxn2pr4hAIBEBYDaGPvdOVMlMh+eMbg401ZiaQLwM26Dj53b5XWALwit0mGAw=="],

    "@oxc-minify/binding-linux-arm64-gnu": ["@oxc-minify/binding-linux-arm64-gnu@0.94.0", "", { "os": "linux", "cpu": "arm64" }, "sha512-so/XF1XdJdpWVUkyz45F3iNJgzoXgeNBoYfmDTuLFIXE2U7vAtE8DHkA87LlbC6Ry7KIM4Ehw7hP4Z4h7M51fA=="],

    "@oxc-minify/binding-linux-arm64-musl": ["@oxc-minify/binding-linux-arm64-musl@0.94.0", "", { "os": "linux", "cpu": "arm64" }, "sha512-IMi2Sq3Z3xvA06Otit/D6Vo2BATZJcDHu6dHcaznBwnpO0z0+N9i3TKprIVizBHW77wq8QBLIbQaWQn4go1WwQ=="],

    "@oxc-minify/binding-linux-riscv64-gnu": ["@oxc-minify/binding-linux-riscv64-gnu@0.94.0", "", { "os": "linux", "cpu": "none" }, "sha512-1QWSK1CcmGwlJZBWCF+NpzpQ5c3WybtgVqeQX8FRIhlApBtvMsifZe4tz1FIoBoQeCKwCQzyvpIA71cpCpY/xg=="],

    "@oxc-minify/binding-linux-s390x-gnu": ["@oxc-minify/binding-linux-s390x-gnu@0.94.0", "", { "os": "linux", "cpu": "s390x" }, "sha512-UfIuYWcs1tb/vwGwZPPVaO38OubKfi+MkySl2ZP/3Vk4InxtQ+BxxgNqiQbhyvx14GZtkFphH3I2FZaDUsvfYg=="],

    "@oxc-minify/binding-linux-x64-gnu": ["@oxc-minify/binding-linux-x64-gnu@0.94.0", "", { "os": "linux", "cpu": "x64" }, "sha512-Iokd1dfneOcNHBJH8o5cMgDkII8R7dzOFSaMrZiSZkLr+woT3Ed7uLqTKwleNKq52z5+XwmgcvO00c6ywStCpA=="],

    "@oxc-minify/binding-linux-x64-musl": ["@oxc-minify/binding-linux-x64-musl@0.94.0", "", { "os": "linux", "cpu": "x64" }, "sha512-W4hFq/e21o2cOKx9xltJuVo/xgXnn4SsUioo/86pk5vCmUXg++J0PMML/oOZTSbevlklg/Vxo8slRUSU4/0PzA=="],

    "@oxc-minify/binding-wasm32-wasi": ["@oxc-minify/binding-wasm32-wasi@0.94.0", "", { "dependencies": { "@napi-rs/wasm-runtime": "^1.0.6" }, "cpu": "none" }, "sha512-0bOaEuh7QX8MfqyrRjNPOWhcsYl0IGoHX1nPtFIFGm0f/AJsJ+3wbyI9WvkAOXZmRgI9DMKGbDJdU6J59JxA7w=="],

    "@oxc-minify/binding-win32-arm64-msvc": ["@oxc-minify/binding-win32-arm64-msvc@0.94.0", "", { "os": "win32", "cpu": "arm64" }, "sha512-qXuSuUmLn7v79R0noaRlJES7m0BLfBWwPAmPjzu553eJObvKS15TfHH4uxr0h31Bmy4jqWX2r+oirz/Pg+hSEg=="],

    "@oxc-minify/binding-win32-x64-msvc": ["@oxc-minify/binding-win32-x64-msvc@0.94.0", "", { "os": "win32", "cpu": "x64" }, "sha512-DtnN623PGZlNLRyyWtUQPEATeiGVnv9l8TMV9wCdd3AFNA9bmeFzmojcpwBFj/a5DOY5mds7cwC+Z+rjTPn+OQ=="],

    "@oxc-project/types": ["@oxc-project/types@0.94.0", "", {}, "sha512-+UgQT/4o59cZfH6Cp7G0hwmqEQ0wE+AdIwhikdwnhWI9Dp8CgSY081+Q3O67/wq3VJu8mgUEB93J9EHHn70fOw=="],

    "@oxc-transform/binding-android-arm64": ["@oxc-transform/binding-android-arm64@0.94.0", "", { "os": "android", "cpu": "arm64" }, "sha512-abxgEoomc5HNbDQaGhBWguR+W4cdrcEIwV8xIQ2qpUuhEUoHy6nQLfN/gREAZMdkyIaKwk12FckB9aNxVTte2w=="],

    "@oxc-transform/binding-darwin-arm64": ["@oxc-transform/binding-darwin-arm64@0.94.0", "", { "os": "darwin", "cpu": "arm64" }, "sha512-HbnmwC1pZ9M/nXqA36TpwF7vcXk+PgLMxDvvza5C9CCivfi3MUfqCvFMvRI0snlVm2PK2GAwWJjBtng1fR8LJw=="],

    "@oxc-transform/binding-darwin-x64": ["@oxc-transform/binding-darwin-x64@0.94.0", "", { "os": "darwin", "cpu": "x64" }, "sha512-GADv5xcClQpYj5d6GLdPF6Qz/3OSn0d/LKhDklpW/5S42RQsGxI+83iXF1e61KITd4yp4VAvjEiuDM52zb4xYQ=="],

    "@oxc-transform/binding-freebsd-x64": ["@oxc-transform/binding-freebsd-x64@0.94.0", "", { "os": "freebsd", "cpu": "x64" }, "sha512-5H5V+H1CZoRQwbgAt/wLrN8oZwuYGP6xdXTuGUW2C2ON1DynMyxC4Padf8vjPcKbQph5GnLAuoaTafxokE2Z/Q=="],

    "@oxc-transform/binding-linux-arm-gnueabihf": ["@oxc-transform/binding-linux-arm-gnueabihf@0.94.0", "", { "os": "linux", "cpu": "arm" }, "sha512-BoWVkKUqgmUs4hDvGPgCSUkIeEMBVvHU/mO348Dhp7XT9ijdnSBmRzY6hFaqRSq768Hn6KblM0NM1QV7jEvKOw=="],

    "@oxc-transform/binding-linux-arm-musleabihf": ["@oxc-transform/binding-linux-arm-musleabihf@0.94.0", "", { "os": "linux", "cpu": "arm" }, "sha512-XUAyt2EtSDycljMKfgDVg/T5C3aF5dR1mfMJAZUCPQkfJjXZwA/C0DTTC/xPlPm68WA4uRtVNLqExTHJ3JOPwg=="],

    "@oxc-transform/binding-linux-arm64-gnu": ["@oxc-transform/binding-linux-arm64-gnu@0.94.0", "", { "os": "linux", "cpu": "arm64" }, "sha512-5Y7FI2FgawingojBEo3df4sI/Sq73UhVZy3DlT9o94Pgu8o+ujlKPD20kFmOJ1jQNEJ4ScKr5vh6pemHSZjUgA=="],

    "@oxc-transform/binding-linux-arm64-musl": ["@oxc-transform/binding-linux-arm64-musl@0.94.0", "", { "os": "linux", "cpu": "arm64" }, "sha512-QiyHubpKo7upYPfwB+8bjaTczd60PJdL2zJrMKgL+CDlmP6HZlnWXZkeVTA3S6QXnbulRlrtERmqS2DePszG0g=="],

    "@oxc-transform/binding-linux-riscv64-gnu": ["@oxc-transform/binding-linux-riscv64-gnu@0.94.0", "", { "os": "linux", "cpu": "none" }, "sha512-vh3PZGmoUCbfkqVGuB7fweuqthYxzAAGqhiAJAn8x4V+R86W5esCtxbm+PTyVawBT/eoq1cU8HhNVqE0rQlChg=="],

    "@oxc-transform/binding-linux-s390x-gnu": ["@oxc-transform/binding-linux-s390x-gnu@0.94.0", "", { "os": "linux", "cpu": "s390x" }, "sha512-DT3m7cF612RdHBmYK3Ave6OVT1iSvlbKo8T+81n6ZcFXO+L8vDJHzwMwMOXfeOLQ15zr0WmSHqBOZ14tHKNidw=="],

    "@oxc-transform/binding-linux-x64-gnu": ["@oxc-transform/binding-linux-x64-gnu@0.94.0", "", { "os": "linux", "cpu": "x64" }, "sha512-kK5dt8wfxUD3MGXnLHWxv57oYinIwoRFcjw2oJD5DCoGTeXCmrFk4D0eGPAlZKOm7uvWMs9yNI8rg1KY5nEs1w=="],

    "@oxc-transform/binding-linux-x64-musl": ["@oxc-transform/binding-linux-x64-musl@0.94.0", "", { "os": "linux", "cpu": "x64" }, "sha512-+zfNBO2qEPcSPTHVUxsiG3Hm0vxWzuL+DZX0wbbtjKwwhH2Jr1Eo26R+Dwc1SfbvoWen36NitKkd2arkpMW8KQ=="],

    "@oxc-transform/binding-wasm32-wasi": ["@oxc-transform/binding-wasm32-wasi@0.94.0", "", { "dependencies": { "@napi-rs/wasm-runtime": "^1.0.6" }, "cpu": "none" }, "sha512-rn3c2wGT3ha6j0VLykYOkXU5YyQYIeGXRsDPP7xyiZHVTVssoM0X1BuheFlgxmC1POXMT+dAAcVOFG5MdW1bnQ=="],

    "@oxc-transform/binding-win32-arm64-msvc": ["@oxc-transform/binding-win32-arm64-msvc@0.94.0", "", { "os": "win32", "cpu": "arm64" }, "sha512-An/Dd+I8dH0b+VLEdfTrZP53S4Fha3w/aD71d1uZB14aU02hBt3ZwU8IE3RGZIJPxub9OZmCmJN66uTqkT6oXg=="],

    "@oxc-transform/binding-win32-x64-msvc": ["@oxc-transform/binding-win32-x64-msvc@0.94.0", "", { "os": "win32", "cpu": "x64" }, "sha512-HEE/8x6H67jPlkCDDB3xl74eR86zY6nLAql6onmidF5JPNXt9v2XGB6xEwr4brUIaMLPkl90plbdCy9jWhEjdQ=="],

    "@rolldown/binding-android-arm64": ["@rolldown/binding-android-arm64@1.0.0-beta.42", "", { "os": "android", "cpu": "arm64" }, "sha512-W5ZKF3TP3bOWuBfotAGp+UGjxOkGV7jRmIRbBA7NFjggx7Oi6vOmGDqpHEIX7kDCiry1cnIsWQaxNvWbMdkvzQ=="],

    "@rolldown/binding-darwin-arm64": ["@rolldown/binding-darwin-arm64@1.0.0-beta.42", "", { "os": "darwin", "cpu": "arm64" }, "sha512-abw/wtgJA8OCgaTlL+xJxnN/Z01BwV1rfzIp5Hh9x+IIO6xOBfPsQ0nzi0+rWx3TyZ9FZXyC7bbC+5NpQ9EaXQ=="],

    "@rolldown/binding-darwin-x64": ["@rolldown/binding-darwin-x64@1.0.0-beta.42", "", { "os": "darwin", "cpu": "x64" }, "sha512-Y/UrZIRVr8CvXVEB88t6PeC46r1K9/QdPEo2ASE/b/KBEyXIx+QbM6kv9QfQVWU2Atly2+SVsQzxQsIvuk3lZQ=="],

    "@rolldown/binding-freebsd-x64": ["@rolldown/binding-freebsd-x64@1.0.0-beta.42", "", { "os": "freebsd", "cpu": "x64" }, "sha512-zRM0oOk7BZiy6DoWBvdV4hyEg+j6+WcBZIMHVirMEZRu8hd18kZdJkg+bjVMfCEhwpWeFUfBfZ1qcaZ5UdYzlQ=="],

    "@rolldown/binding-linux-arm-gnueabihf": ["@rolldown/binding-linux-arm-gnueabihf@1.0.0-beta.42", "", { "os": "linux", "cpu": "arm" }, "sha512-6RjFaC52QNwo7ilU8C5H7swbGlgfTkG9pudXwzr3VYyT18s0C9gLg3mvc7OMPIGqNxnQ0M5lU8j6aQCk2DTRVg=="],

    "@rolldown/binding-linux-arm64-gnu": ["@rolldown/binding-linux-arm64-gnu@1.0.0-beta.42", "", { "os": "linux", "cpu": "arm64" }, "sha512-LMYHM5Sf6ROq+VUwHMDVX2IAuEsWTv4SnlFEedBnMGpvRuQ14lCmD4m5Q8sjyAQCgyha9oghdGoK8AEg1sXZKg=="],

    "@rolldown/binding-linux-arm64-musl": ["@rolldown/binding-linux-arm64-musl@1.0.0-beta.42", "", { "os": "linux", "cpu": "arm64" }, "sha512-/bNTYb9aKNhzdbPn3O4MK2aLv55AlrkUKPE4KNfBYjkoZUfDr4jWp7gsSlvTc5A/99V1RCm9axvt616ZzeXGyA=="],

    "@rolldown/binding-linux-x64-gnu": ["@rolldown/binding-linux-x64-gnu@1.0.0-beta.42", "", { "os": "linux", "cpu": "x64" }, "sha512-n/SLa4h342oyeGykZdch7Y3GNCNliRPL4k5wkeZ/5eQZs+c6/ZG1SHCJQoy7bZcmxiMyaXs9HoFmv1PEKrZgWg=="],

    "@rolldown/binding-linux-x64-musl": ["@rolldown/binding-linux-x64-musl@1.0.0-beta.42", "", { "os": "linux", "cpu": "x64" }, "sha512-4PSd46sFzqpLHSGdaSViAb1mk55sCUMpJg+X8ittXaVocQsV3QLG/uydSH8RyL0ngHX5fy3D70LcCzlB15AgHw=="],

    "@rolldown/binding-openharmony-arm64": ["@rolldown/binding-openharmony-arm64@1.0.0-beta.42", "", { "os": "none", "cpu": "arm64" }, "sha512-BmWoeJJyeZXmZBcfoxG6J9+rl2G7eO47qdTkAzEegj4n3aC6CBIHOuDcbE8BvhZaEjQR0nh0nJrtEDlt65Q7Sw=="],

    "@rolldown/binding-wasm32-wasi": ["@rolldown/binding-wasm32-wasi@1.0.0-beta.42", "", { "dependencies": { "@napi-rs/wasm-runtime": "^1.0.6" }, "cpu": "none" }, "sha512-2Ft32F7uiDTrGZUKws6CLNTlvTWHC33l4vpXrzUucf9rYtUThAdPCOt89Pmn13tNX6AulxjGEP2R0nZjTSW3eQ=="],

    "@rolldown/binding-win32-arm64-msvc": ["@rolldown/binding-win32-arm64-msvc@1.0.0-beta.42", "", { "os": "win32", "cpu": "arm64" }, "sha512-hC1kShXW/z221eG+WzQMN06KepvPbMBknF0iGR3VMYJLOe9gwnSTfGxFT5hf8XrPv7CEZqTWRd0GQpkSHRbGsw=="],

    "@rolldown/binding-win32-ia32-msvc": ["@rolldown/binding-win32-ia32-msvc@1.0.0-beta.42", "", { "os": "win32", "cpu": "ia32" }, "sha512-AICBYromawouGjj+GS33369E8Vwhy6UwhQEhQ5evfS8jPCsyVvoICJatbDGDGH01dwtVGLD5eDFzPicUOVpe4g=="],

    "@rolldown/binding-win32-x64-msvc": ["@rolldown/binding-win32-x64-msvc@1.0.0-beta.42", "", { "os": "win32", "cpu": "x64" }, "sha512-XpZ0M+tjoEiSc9c+uZR7FCnOI0uxDRNs1elGOMjeB0pUP1QmvVbZGYNsyLbLoP4u7e3VQN8rie1OQ8/mB6rcJg=="],

    "@rolldown/pluginutils": ["@rolldown/pluginutils@1.0.0-beta.42", "", {}, "sha512-N7pQzk9CyE7q0bBN/q0J8s6Db279r5kUZc6d7/wWRe9/zXqC52HQovVyu6iXPIDY4BEzzgbVLhVFXrOuGJ22ZQ=="],

    "@rollup/plugin-terser": ["@rollup/plugin-terser@0.4.4", "", { "dependencies": { "serialize-javascript": "^6.0.1", "smob": "^1.0.0", "terser": "^5.17.4" }, "peerDependencies": { "rollup": "^2.0.0||^3.0.0||^4.0.0" }, "optionalPeers": ["rollup"] }, "sha512-XHeJC5Bgvs8LfukDwWZp7yeqin6ns8RTl2B9avbejt6tZqsqvVoWI7ZTQrcNsfKEDWBTnTxM8nMDkO2IFFbd0A=="],

    "@safe-std/error": ["@safe-std/error@2.0.4", "", {}, "sha512-O/yUTZJvA+NiZv+xDBFOazeyrbUOJ0flup2avJxqKoEVXRLoA97YoI4Z/J9Prhua9Rfpka1GRkSIMKOYFczsNA=="],

    "@standard-schema/spec": ["@standard-schema/spec@1.0.0", "", {}, "sha512-m2bOd0f2RT9k8QJx1JN85cZYyH1RqFBdlwtkSlf4tBDYLCiiZnv1fIIwacK6cqwXavOydf0NPToMQgpKq+dVlA=="],

    "@tybys/wasm-util": ["@tybys/wasm-util@0.10.1", "", { "dependencies": { "tslib": "^2.4.0" } }, "sha512-9tTaPJLSiejZKx+Bmog4uSubteqTvFrVrURwkmHixBo0G4seD0zUxp98E1DzUBJxLQ3NPwXrGKDiVjwx/DpPsg=="],

    "@types/bun": ["@types/bun@1.3.0", "", { "dependencies": { "bun-types": "1.3.0" } }, "sha512-+lAGCYjXjip2qY375xX/scJeVRmZ5cY0wyHYyCYxNcdEXrQ4AOe3gACgd4iQ8ksOslJtW4VNxBJ8llUwc3a6AA=="],

    "@types/node": ["@types/node@24.7.1", "", { "dependencies": { "undici-types": "~7.14.0" } }, "sha512-CmyhGZanP88uuC5GpWU9q+fI61j2SkhO3UGMUdfYRE6Bcy0ccyzn1Rqj9YAB/ZY4kOXmNf0ocah5GtphmLMP6Q=="],

    "@types/react": ["@types/react@19.2.2", "", { "dependencies": { "csstype": "^3.0.2" } }, "sha512-6mDvHUFSjyT2B2yeNx2nUgMxh9LtOWvkhIU3uePn2I2oyNymUAX1NIsdgviM4CH+JSrp2D2hsMvJOkxY+0wNRA=="],

    "acorn": ["acorn@8.15.0", "", { "bin": { "acorn": "bin/acorn" } }, "sha512-NZyJarBfL7nWwIq+FDL6Zp/yHEhePMNnnJ0y3qfieCrmNvYct8uvtiV41UvlSe6apAfk0fY1FbWx+NwfmpvtTg=="],

    "ansis": ["ansis@4.2.0", "", {}, "sha512-HqZ5rWlFjGiV0tDm3UxxgNRqsOTniqoKZu0pIAfh7TZQMGuZK+hH0drySty0si0QXj1ieop4+SkSfPZBPPkHig=="],

    "buffer-from": ["buffer-from@1.1.2", "", {}, "sha512-E+XQCRwSbaaiChtv6k6Dwgc+bx+Bs6vuKJHHl5kox/BaKbhiXzqQOwK4cO22yElGp2OCmjwVhT3HmxgyPGnJfQ=="],

    "bun-types": ["bun-types@1.3.0", "", { "dependencies": { "@types/node": "*" }, "peerDependencies": { "@types/react": "^19" } }, "sha512-u8X0thhx+yJ0KmkxuEo9HAtdfgCBaM/aI9K90VQcQioAmkVp3SG3FkwWGibUFz3WdXAdcsqOcbU40lK7tbHdkQ=="],

    "commander": ["commander@2.20.3", "", {}, "sha512-GpVkmM8vF2vQUkj2LvZmD35JxeJOLCwJ9cUkugyk2nuhbv3+mJvpLYYt+0+USMxE+oj+ey/lJEnhZw75x/OMcQ=="],

    "cookie-es": ["cookie-es@2.0.0", "", {}, "sha512-RAj4E421UYRgqokKUmotqAwuplYw15qtdXfY+hGzgCJ/MBjCVZcSoHK/kH9kocfjRjcDME7IiDWR/1WX1TM2Pg=="],

    "csstype": ["csstype@3.1.3", "", {}, "sha512-M1uQkMl8rQK/szD0LNhtqxIPLpimGm8sOBwU7lLnCpSbTyY3yeU1Vc7l4KT5zT4s/yOxHH5O7tIuuLOCnLADRw=="],

    "esbuild": ["esbuild@0.25.10", "", { "optionalDependencies": { "@esbuild/aix-ppc64": "0.25.10", "@esbuild/android-arm": "0.25.10", "@esbuild/android-arm64": "0.25.10", "@esbuild/android-x64": "0.25.10", "@esbuild/darwin-arm64": "0.25.10", "@esbuild/darwin-x64": "0.25.10", "@esbuild/freebsd-arm64": "0.25.10", "@esbuild/freebsd-x64": "0.25.10", "@esbuild/linux-arm": "0.25.10", "@esbuild/linux-arm64": "0.25.10", "@esbuild/linux-ia32": "0.25.10", "@esbuild/linux-loong64": "0.25.10", "@esbuild/linux-mips64el": "0.25.10", "@esbuild/linux-ppc64": "0.25.10", "@esbuild/linux-riscv64": "0.25.10", "@esbuild/linux-s390x": "0.25.10", "@esbuild/linux-x64": "0.25.10", "@esbuild/netbsd-arm64": "0.25.10", "@esbuild/netbsd-x64": "0.25.10", "@esbuild/openbsd-arm64": "0.25.10", "@esbuild/openbsd-x64": "0.25.10", "@esbuild/openharmony-arm64": "0.25.10", "@esbuild/sunos-x64": "0.25.10", "@esbuild/win32-arm64": "0.25.10", "@esbuild/win32-ia32": "0.25.10", "@esbuild/win32-x64": "0.25.10" }, "bin": { "esbuild": "bin/esbuild" } }, "sha512-9RiGKvCwaqxO2owP61uQ4BgNborAQskMR6QusfWzQqv7AZOg5oGehdY2pRJMTKuwxd1IDBP4rSbI5lHzU7SMsQ=="],

    "fsevents": ["fsevents@2.3.3", "", { "os": "darwin" }, "sha512-5xoDfX+fL7faATnagmWPpbFtwh/R77WmMMqqHGS65C3vvB0YHrgF+B1YmZ3441tMj5n63k0212XNoJwzlhffQw=="],

    "get-tsconfig": ["get-tsconfig@4.12.0", "", { "dependencies": { "resolve-pkg-maps": "^1.0.0" } }, "sha512-LScr2aNr2FbjAjZh2C6X6BxRx1/x+aTDExct/xyq2XKbYOiG5c0aK7pMsSuyc0brz3ibr/lbQiHD9jzt4lccJw=="],

    "mitata": ["mitata@1.0.34", "", {}, "sha512-Mc3zrtNBKIMeHSCQ0XqRLo1vbdIx1wvFV9c8NJAiyho6AjNfMY8bVhbS12bwciUdd1t4rj8099CH3N3NFahaUA=="],

    "oxc-minify": ["oxc-minify@0.94.0", "", { "optionalDependencies": { "@oxc-minify/binding-android-arm64": "0.94.0", "@oxc-minify/binding-darwin-arm64": "0.94.0", "@oxc-minify/binding-darwin-x64": "0.94.0", "@oxc-minify/binding-freebsd-x64": "0.94.0", "@oxc-minify/binding-linux-arm-gnueabihf": "0.94.0", "@oxc-minify/binding-linux-arm-musleabihf": "0.94.0", "@oxc-minify/binding-linux-arm64-gnu": "0.94.0", "@oxc-minify/binding-linux-arm64-musl": "0.94.0", "@oxc-minify/binding-linux-riscv64-gnu": "0.94.0", "@oxc-minify/binding-linux-s390x-gnu": "0.94.0", "@oxc-minify/binding-linux-x64-gnu": "0.94.0", "@oxc-minify/binding-linux-x64-musl": "0.94.0", "@oxc-minify/binding-wasm32-wasi": "0.94.0", "@oxc-minify/binding-win32-arm64-msvc": "0.94.0", "@oxc-minify/binding-win32-x64-msvc": "0.94.0" } }, "sha512-7+9iyxwpzfjuiEnSqNJYzTsC1Oud742PPkr/4S1bGY930U4tApdLEK8zmgbT57c1/56cfNOndqZaeQZiAfnJ5A=="],

    "oxc-transform": ["oxc-transform@0.94.0", "", { "optionalDependencies": { "@oxc-transform/binding-android-arm64": "0.94.0", "@oxc-transform/binding-darwin-arm64": "0.94.0", "@oxc-transform/binding-darwin-x64": "0.94.0", "@oxc-transform/binding-freebsd-x64": "0.94.0", "@oxc-transform/binding-linux-arm-gnueabihf": "0.94.0", "@oxc-transform/binding-linux-arm-musleabihf": "0.94.0", "@oxc-transform/binding-linux-arm64-gnu": "0.94.0", "@oxc-transform/binding-linux-arm64-musl": "0.94.0", "@oxc-transform/binding-linux-riscv64-gnu": "0.94.0", "@oxc-transform/binding-linux-s390x-gnu": "0.94.0", "@oxc-transform/binding-linux-x64-gnu": "0.94.0", "@oxc-transform/binding-linux-x64-musl": "0.94.0", "@oxc-transform/binding-wasm32-wasi": "0.94.0", "@oxc-transform/binding-win32-arm64-msvc": "0.94.0", "@oxc-transform/binding-win32-x64-msvc": "0.94.0" } }, "sha512-nHFFyPVWNNe7WLsAiQ6iwfsuTW/1esT+BJg+9rlvcSa0mfcZTpNo3TlBfj9IerLdDmYHJnSYsx8jjFZhoGfZ1w=="],

    "randombytes": ["randombytes@2.1.0", "", { "dependencies": { "safe-buffer": "^5.1.0" } }, "sha512-vYl3iOX+4CKUWuxGi9Ukhie6fsqXqS9FE2Zaic4tNFD2N2QQaXOMFbuKK4QmDHC0JO6B1Zp41J0LpT0oR68amQ=="],

    "resolve-pkg-maps": ["resolve-pkg-maps@1.0.0", "", {}, "sha512-seS2Tj26TBVOC2NIc2rOe2y2ZO7efxITtLZcGSOnHHNOQ7CkiUBfw0Iw2ck6xkIhPwLhKNLS8BO+hEpngQlqzw=="],

    "rolldown": ["rolldown@1.0.0-beta.42", "", { "dependencies": { "@oxc-project/types": "=0.94.0", "@rolldown/pluginutils": "1.0.0-beta.42", "ansis": "=4.2.0" }, "optionalDependencies": { "@rolldown/binding-android-arm64": "1.0.0-beta.42", "@rolldown/binding-darwin-arm64": "1.0.0-beta.42", "@rolldown/binding-darwin-x64": "1.0.0-beta.42", "@rolldown/binding-freebsd-x64": "1.0.0-beta.42", "@rolldown/binding-linux-arm-gnueabihf": "1.0.0-beta.42", "@rolldown/binding-linux-arm64-gnu": "1.0.0-beta.42", "@rolldown/binding-linux-arm64-musl": "1.0.0-beta.42", "@rolldown/binding-linux-x64-gnu": "1.0.0-beta.42", "@rolldown/binding-linux-x64-musl": "1.0.0-beta.42", "@rolldown/binding-openharmony-arm64": "1.0.0-beta.42", "@rolldown/binding-wasm32-wasi": "1.0.0-beta.42", "@rolldown/binding-win32-arm64-msvc": "1.0.0-beta.42", "@rolldown/binding-win32-ia32-msvc": "1.0.0-beta.42", "@rolldown/binding-win32-x64-msvc": "1.0.0-beta.42" }, "bin": { "rolldown": "bin/cli.mjs" } }, "sha512-xaPcckj+BbJhYLsv8gOqezc8EdMcKKe/gk8v47B0KPvgABDrQ0qmNPAiT/gh9n9Foe0bUkEv2qzj42uU5q1WRg=="],

    "runtime-compiler": ["runtime-compiler@1.2.7", "", {}, "sha512-ZtHIJoHFKfQEv+pE56oUA/8aR9o2n+QKBsEh4y9WU0v5AI76J5xbHAi4aJcL2xdtk8vRa0BgzeIy7TXQMDQKqg=="],

    "safe-buffer": ["safe-buffer@5.2.1", "", {}, "sha512-rp3So07KcdmmKbGvgaNxQSJr7bGVSVk5S9Eq1F+ppbRo70+YeaDxkw5Dd8NPN+GD6bjnYm2VuPuCXmpuYvmCXQ=="],

    "serialize-javascript": ["serialize-javascript@6.0.2", "", { "dependencies": { "randombytes": "^2.1.0" } }, "sha512-Saa1xPByTTq2gdeFZYLLo+RFE35NHZkAbqZeWNd3BpzppeVisAqpDjcp8dyf6uIvEqJRd46jemmyA4iFIeVk8g=="],

    "smob": ["smob@1.5.0", "", {}, "sha512-g6T+p7QO8npa+/hNx9ohv1E5pVCmWrVCUzUXJyLdMmftX6ER0oiWY/w9knEonLpnOp6b6FenKnMfR8gqwWdwig=="],

    "source-map": ["source-map@0.6.1", "", {}, "sha512-UjgapumWlbMhkBgzT7Ykc5YXUT46F0iKu8SGXq0bcwP5dz/h0Plj6enJqjz1Zbq2l5WaqYnrVbwWOWMyF3F47g=="],

    "source-map-support": ["source-map-support@0.5.21", "", { "dependencies": { "buffer-from": "^1.0.0", "source-map": "^0.6.0" } }, "sha512-uBHU3L3czsIyYXKX88fdrGovxdSCoTGDRZ6SYXtSRxLZUzHg5P/66Ht6uoUlHu9EZod+inXhKo3qQgwXUT/y1w=="],

    "srvx": ["srvx@0.8.15", "", { "dependencies": { "cookie-es": "^2.0.0" }, "bin": { "srvx": "bin/srvx.mjs" } }, "sha512-poPs1GuctQLpiJ/1Pb8e+5b5lju9hQU7wxJ6NkYVUw7ZZExeRoYwyiaOekal+rDZc99MO/J2y9+SGFpHBKRSpQ=="],

    "stnl": ["stnl@1.3.2", "", { "optionalDependencies": { "@standard-schema/spec": "^1.0.0", "runtime-compiler": "^1.2.5" } }, "sha512-be2estbCdeGXPRXe0xTq/BTKHYdU/ogeV4Obo/K/yNNAc3GF5NYDEA+wwtpBiCFSzowhgfcEN1egbAvmck91pw=="],

    "terser": ["terser@5.44.0", "", { "dependencies": { "@jridgewell/source-map": "^0.3.3", "acorn": "^8.15.0", "commander": "^2.20.0", "source-map-support": "~0.5.20" }, "bin": { "terser": "bin/terser" } }, "sha512-nIVck8DK+GM/0Frwd+nIhZ84pR/BX7rmXMfYwyg+Sri5oGVE99/E3KvXqpC2xHFxyqXyGHTKBSioxxplrO4I4w=="],

    "tslib": ["tslib@2.8.1", "", {}, "sha512-oJFu94HQb+KVduSUQL7wnpmqnfmLsOA/nAh6b6EH0wCEoK0/mPeXU6c3wKDV83MkOuHPRHtSXKKU99IBazS/2w=="],

    "tsx": ["tsx@4.20.6", "", { "dependencies": { "esbuild": "~0.25.0", "get-tsconfig": "^4.7.5" }, "optionalDependencies": { "fsevents": "~2.3.3" }, "bin": { "tsx": "dist/cli.mjs" } }, "sha512-ytQKuwgmrrkDTFP4LjR0ToE2nqgy886GpvRSpU0JAnrdBYppuY5rLkRUYPU1yCryb24SsKBTL/hlDQAEFVwtZg=="],

    "typescript": ["typescript@5.9.3", "", { "bin": { "tsc": "bin/tsc", "tsserver": "bin/tsserver" } }, "sha512-jl1vZzPDinLr9eUt3J/t7V6FgNEw9QjvBPdysz9KfQDD41fQrC2Y4vKQdiaUpFT4bXlb1RHhLpp8wtm6M5TgSw=="],

    "undici-types": ["undici-types@7.14.0", "", {}, "sha512-QQiYxHuyZ9gQUIrmPo3IA+hUl4KYk8uSA7cHrcKd/l3p1OTpZcM0Tbp9x7FAtXdAYhlasd60ncPpgu6ihG6TOA=="],

    "@mapl/web/@mapl/framework": ["@mapl/framework@0.6.2", "", {}, "sha512-jdv5VEkPrnn0i7fkmXNKqeshKZ1M2KDWmCM/2qozPJTpIBuYTjB0+RDgweCMWJRVHUwluEHQ5X1gdHlzAAABIA=="],

    "@mapl/web/runtime-compiler": ["runtime-compiler@1.2.6", "", {}, "sha512-Dgzwe/Y9UZS+XuPGXw7XSSBBuf8YKnlvZL8YWd/1MBw4EZjaFcKE/mGkQL/1HxK6rjj5DBJc7C329eOZNAfP4g=="],

    "stnl/runtime-compiler": ["runtime-compiler@1.2.6", "", {}, "sha512-Dgzwe/Y9UZS+XuPGXw7XSSBBuf8YKnlvZL8YWd/1MBw4EZjaFcKE/mGkQL/1HxK6rjj5DBJc7C329eOZNAfP4g=="],
  }
}
