{
  "lockfileVersion": 1,
  "configVersion": 0,
  "workspaces": {
    "": {
      "name": "lib-template",
      "dependencies": {
        "@biomejs/biome": "^2.3.2",
        "@mapl/router": "^0.7.7",
        "@safe-std/error": "^2.0.4",
        "runtime-compiler": "^2.0.10",
      },
      "devDependencies": {
        "@mapl/web": "./lib",
        "@types/bun": "^1.3.0",
        "mitata": "^1.0.34",
        "oxc-minify": "^0.94.0",
        "oxc-transform": "^0.94.0",
        "rolldown": "latest",
        "srvx": "^0.8.15",
        "typescript": "^5.9.3",
      },
    },
  },
  "trustedDependencies": [
    "@biomejs/biome",
  ],
  "packages": {
    "@biomejs/biome": ["@biomejs/biome@2.3.2", "", { "optionalDependencies": { "@biomejs/cli-darwin-arm64": "2.3.2", "@biomejs/cli-darwin-x64": "2.3.2", "@biomejs/cli-linux-arm64": "2.3.2", "@biomejs/cli-linux-arm64-musl": "2.3.2", "@biomejs/cli-linux-x64": "2.3.2", "@biomejs/cli-linux-x64-musl": "2.3.2", "@biomejs/cli-win32-arm64": "2.3.2", "@biomejs/cli-win32-x64": "2.3.2" }, "bin": { "biome": "bin/biome" } }, "sha512-8e9tzamuDycx7fdrcJ/F/GDZ8SYukc5ud6tDicjjFqURKYFSWMl0H0iXNXZEGmcmNUmABgGuHThPykcM41INgg=="],

    "@biomejs/cli-darwin-arm64": ["@biomejs/cli-darwin-arm64@2.3.2", "", { "os": "darwin", "cpu": "arm64" }, "sha512-4LECm4kc3If0JISai4c3KWQzukoUdpxy4fRzlrPcrdMSRFksR9ZoXK7JBcPuLBmd2SoT4/d7CQS33VnZpgBjew=="],

    "@biomejs/cli-darwin-x64": ["@biomejs/cli-darwin-x64@2.3.2", "", { "os": "darwin", "cpu": "x64" }, "sha512-jNMnfwHT4N3wi+ypRfMTjLGnDmKYGzxVr1EYAPBcauRcDnICFXN81wD6wxJcSUrLynoyyYCdfW6vJHS/IAoTDA=="],

    "@biomejs/cli-linux-arm64": ["@biomejs/cli-linux-arm64@2.3.2", "", { "os": "linux", "cpu": "arm64" }, "sha512-amnqvk+gWybbQleRRq8TMe0rIv7GHss8mFJEaGuEZYWg1Tw14YKOkeo8h6pf1c+d3qR+JU4iT9KXnBKGON4klw=="],

    "@biomejs/cli-linux-arm64-musl": ["@biomejs/cli-linux-arm64-musl@2.3.2", "", { "os": "linux", "cpu": "arm64" }, "sha512-2Zz4usDG1GTTPQnliIeNx6eVGGP2ry5vE/v39nT73a3cKN6t5H5XxjcEoZZh62uVZvED7hXXikclvI64vZkYqw=="],

    "@biomejs/cli-linux-x64": ["@biomejs/cli-linux-x64@2.3.2", "", { "os": "linux", "cpu": "x64" }, "sha512-8BG/vRAhFz1pmuyd24FQPhNeueLqPtwvZk6yblABY2gzL2H8fLQAF/Z2OPIc+BPIVPld+8cSiKY/KFh6k81xfA=="],

    "@biomejs/cli-linux-x64-musl": ["@biomejs/cli-linux-x64-musl@2.3.2", "", { "os": "linux", "cpu": "x64" }, "sha512-gzB19MpRdTuOuLtPpFBGrV3Lq424gHyq2lFj8wfX9tvLMLdmA/R9C7k/mqBp/spcbWuHeIEKgEs3RviOPcWGBA=="],

    "@biomejs/cli-win32-arm64": ["@biomejs/cli-win32-arm64@2.3.2", "", { "os": "win32", "cpu": "arm64" }, "sha512-lCruqQlfWjhMlOdyf5pDHOxoNm4WoyY2vZ4YN33/nuZBRstVDuqPPjS0yBkbUlLEte11FbpW+wWSlfnZfSIZvg=="],

    "@biomejs/cli-win32-x64": ["@biomejs/cli-win32-x64@2.3.2", "", { "os": "win32", "cpu": "x64" }, "sha512-6Ee9P26DTb4D8sN9nXxgbi9Dw5vSOfH98M7UlmkjKB2vtUbrRqCbZiNfryGiwnPIpd6YUoTl7rLVD2/x1CyEHQ=="],

    "@emnapi/core": ["@emnapi/core@1.6.0", "", { "dependencies": { "@emnapi/wasi-threads": "1.1.0", "tslib": "^2.4.0" } }, "sha512-zq/ay+9fNIJJtJiZxdTnXS20PllcYMX3OE23ESc4HK/bdYu3cOWYVhsOhVnXALfU/uqJIxn5NBPd9z4v+SfoSg=="],

    "@emnapi/runtime": ["@emnapi/runtime@1.6.0", "", { "dependencies": { "tslib": "^2.4.0" } }, "sha512-obtUmAHTMjll499P+D9A3axeJFlhdjOWdKUNs/U6QIGT7V5RjcUW1xToAzjvmgTSQhDbYn/NwfTRoJcQ2rNBxA=="],

    "@emnapi/wasi-threads": ["@emnapi/wasi-threads@1.1.0", "", { "dependencies": { "tslib": "^2.4.0" } }, "sha512-WI0DdZ8xFSbgMjR1sFsKABJ/C5OnRrjT06JXbZKexJGrDuPTzZdDYfFlsgcCXCyf+suG5QU2e/y1Wo2V/OapLQ=="],

    "@mapl/router": ["@mapl/router@0.7.7", "", {}, "sha512-AbbiXeCb1TwAEpY5YyYOL4IoY9oGinvQBL8jEpvdCu21Obs2tAn5teYxJRJPeCaUaQR6E/98n5FcK1yea5I+hg=="],

    "@mapl/web": ["@mapl/web@file:lib", { "dependencies": { "@biomejs/biome": "^2.3.2", "@mapl/router": "^0.7.7", "@safe-std/error": "^2.0.4", "runtime-compiler": "^2.0.10" } }],

    "@napi-rs/wasm-runtime": ["@napi-rs/wasm-runtime@1.0.7", "", { "dependencies": { "@emnapi/core": "^1.5.0", "@emnapi/runtime": "^1.5.0", "@tybys/wasm-util": "^0.10.1" } }, "sha512-SeDnOO0Tk7Okiq6DbXmmBODgOAb9dp9gjlphokTUxmt8U3liIP1ZsozBahH69j/RJv+Rfs6IwUKHTgQYJ/HBAw=="],

    "@oxc-minify/binding-android-arm64": ["@oxc-minify/binding-android-arm64@0.94.0", "", { "os": "android", "cpu": "arm64" }, "sha512-7VEBFFFAi4cYqlW/ziVs5XmNM/0IqAp7duBuTM/zus/EOc3Q2zhS9ApJo0zIwbRUZMlIm1RHe8Hths//xE7K1A=="],

    "@oxc-minify/binding-darwin-arm64": ["@oxc-minify/binding-darwin-arm64@0.94.0", "", { "os": "darwin", "cpu": "arm64" }, "sha512-T0k3pG/izIutpl8cQl9Xeb0TikBILGd3rglCgRhhG5G5xsk/AAAp/qsSdzBm/8yMXksfRWqE0teh7XDWKmzOXw=="],

    "@oxc-minify/binding-darwin-x64": ["@oxc-minify/binding-darwin-x64@0.94.0", "", { "os": "darwin", "cpu": "x64" }, "sha512-1gJeYcQf0Mmnu9Gxld2dLJGXTm9EzOQKRAjCVT2xGciKrNeekkJntDb+NdzxcSNPTjchkvbDwY6lCGZbcJx2lg=="],

    "@oxc-minify/binding-freebsd-x64": ["@oxc-minify/binding-freebsd-x64@0.94.0", "", { "os": "freebsd", "cpu": "x64" }, "sha512-LvaxVkEVLgBNQO2RUYwbmRC0cLpq5WHPsM7B4xsojwqpJNsK5l2VnTAuExvPthC1gKWlsoQsVoT03Ex/SZ4FOw=="],

    "@oxc-minify/binding-linux-arm-gnueabihf": ["@oxc-minify/binding-linux-arm-gnueabihf@0.94.0", "", { "os": "linux", "cpu": "arm" }, "sha512-o/IEdJKl7Y78fIvIRPeA4ccgmOAzeMS8tsjpO7XlENWPzS3cA/6Iy4BqMqYyqUZewgt0a2ggw0zAioIwKPiDmw=="],

    "@oxc-minify/binding-linux-arm-musleabihf": ["@oxc-minify/binding-linux-arm-musleabihf@0.94.0", "", { "os": "linux", "cpu": "arm" }, "sha512-hFCeIV/eCASCW/F2t/DR4JUKUNxn2pr4hAIBEBYDaGPvdOVMlMh+eMbg401ZiaQLwM26Dj53b5XWALwit0mGAw=="],

    "@oxc-minify/binding-linux-arm64-gnu": ["@oxc-minify/binding-linux-arm64-gnu@0.94.0", "", { "os": "linux", "cpu": "arm64" }, "sha512-so/XF1XdJdpWVUkyz45F3iNJgzoXgeNBoYfmDTuLFIXE2U7vAtE8DHkA87LlbC6Ry7KIM4Ehw7hP4Z4h7M51fA=="],

    "@oxc-minify/binding-linux-arm64-musl": ["@oxc-minify/binding-linux-arm64-musl@0.94.0", "", { "os": "linux", "cpu": "arm64" }, "sha512-IMi2Sq3Z3xvA06Otit/D6Vo2BATZJcDHu6dHcaznBwnpO0z0+N9i3TKprIVizBHW77wq8QBLIbQaWQn4go1WwQ=="],

    "@oxc-minify/binding-linux-riscv64-gnu": ["@oxc-minify/binding-linux-riscv64-gnu@0.94.0", "", { "os": "linux", "cpu": "none" }, "sha512-1QWSK1CcmGwlJZBWCF+NpzpQ5c3WybtgVqeQX8FRIhlApBtvMsifZe4tz1FIoBoQeCKwCQzyvpIA71cpCpY/xg=="],

    "@oxc-minify/binding-linux-s390x-gnu": ["@oxc-minify/binding-linux-s390x-gnu@0.94.0", "", { "os": "linux", "cpu": "s390x" }, "sha512-UfIuYWcs1tb/vwGwZPPVaO38OubKfi+MkySl2ZP/3Vk4InxtQ+BxxgNqiQbhyvx14GZtkFphH3I2FZaDUsvfYg=="],

    "@oxc-minify/binding-linux-x64-gnu": ["@oxc-minify/binding-linux-x64-gnu@0.94.0", "", { "os": "linux", "cpu": "x64" }, "sha512-Iokd1dfneOcNHBJH8o5cMgDkII8R7dzOFSaMrZiSZkLr+woT3Ed7uLqTKwleNKq52z5+XwmgcvO00c6ywStCpA=="],

    "@oxc-minify/binding-linux-x64-musl": ["@oxc-minify/binding-linux-x64-musl@0.94.0", "", { "os": "linux", "cpu": "x64" }, "sha512-W4hFq/e21o2cOKx9xltJuVo/xgXnn4SsUioo/86pk5vCmUXg++J0PMML/oOZTSbevlklg/Vxo8slRUSU4/0PzA=="],

    "@oxc-minify/binding-wasm32-wasi": ["@oxc-minify/binding-wasm32-wasi@0.94.0", "", { "dependencies": { "@napi-rs/wasm-runtime": "^1.0.6" }, "cpu": "none" }, "sha512-0bOaEuh7QX8MfqyrRjNPOWhcsYl0IGoHX1nPtFIFGm0f/AJsJ+3wbyI9WvkAOXZmRgI9DMKGbDJdU6J59JxA7w=="],

    "@oxc-minify/binding-win32-arm64-msvc": ["@oxc-minify/binding-win32-arm64-msvc@0.94.0", "", { "os": "win32", "cpu": "arm64" }, "sha512-qXuSuUmLn7v79R0noaRlJES7m0BLfBWwPAmPjzu553eJObvKS15TfHH4uxr0h31Bmy4jqWX2r+oirz/Pg+hSEg=="],

    "@oxc-minify/binding-win32-x64-msvc": ["@oxc-minify/binding-win32-x64-msvc@0.94.0", "", { "os": "win32", "cpu": "x64" }, "sha512-DtnN623PGZlNLRyyWtUQPEATeiGVnv9l8TMV9wCdd3AFNA9bmeFzmojcpwBFj/a5DOY5mds7cwC+Z+rjTPn+OQ=="],

    "@oxc-project/types": ["@oxc-project/types@0.95.0", "", {}, "sha512-vACy7vhpMPhjEJhULNxrdR0D943TkA/MigMpJCHmBHvMXxRStRi/dPtTlfQ3uDwWSzRpT8z+7ImjZVf8JWBocQ=="],

    "@oxc-transform/binding-android-arm64": ["@oxc-transform/binding-android-arm64@0.94.0", "", { "os": "android", "cpu": "arm64" }, "sha512-abxgEoomc5HNbDQaGhBWguR+W4cdrcEIwV8xIQ2qpUuhEUoHy6nQLfN/gREAZMdkyIaKwk12FckB9aNxVTte2w=="],

    "@oxc-transform/binding-darwin-arm64": ["@oxc-transform/binding-darwin-arm64@0.94.0", "", { "os": "darwin", "cpu": "arm64" }, "sha512-HbnmwC1pZ9M/nXqA36TpwF7vcXk+PgLMxDvvza5C9CCivfi3MUfqCvFMvRI0snlVm2PK2GAwWJjBtng1fR8LJw=="],

    "@oxc-transform/binding-darwin-x64": ["@oxc-transform/binding-darwin-x64@0.94.0", "", { "os": "darwin", "cpu": "x64" }, "sha512-GADv5xcClQpYj5d6GLdPF6Qz/3OSn0d/LKhDklpW/5S42RQsGxI+83iXF1e61KITd4yp4VAvjEiuDM52zb4xYQ=="],

    "@oxc-transform/binding-freebsd-x64": ["@oxc-transform/binding-freebsd-x64@0.94.0", "", { "os": "freebsd", "cpu": "x64" }, "sha512-5H5V+H1CZoRQwbgAt/wLrN8oZwuYGP6xdXTuGUW2C2ON1DynMyxC4Padf8vjPcKbQph5GnLAuoaTafxokE2Z/Q=="],

    "@oxc-transform/binding-linux-arm-gnueabihf": ["@oxc-transform/binding-linux-arm-gnueabihf@0.94.0", "", { "os": "linux", "cpu": "arm" }, "sha512-BoWVkKUqgmUs4hDvGPgCSUkIeEMBVvHU/mO348Dhp7XT9ijdnSBmRzY6hFaqRSq768Hn6KblM0NM1QV7jEvKOw=="],

    "@oxc-transform/binding-linux-arm-musleabihf": ["@oxc-transform/binding-linux-arm-musleabihf@0.94.0", "", { "os": "linux", "cpu": "arm" }, "sha512-XUAyt2EtSDycljMKfgDVg/T5C3aF5dR1mfMJAZUCPQkfJjXZwA/C0DTTC/xPlPm68WA4uRtVNLqExTHJ3JOPwg=="],

    "@oxc-transform/binding-linux-arm64-gnu": ["@oxc-transform/binding-linux-arm64-gnu@0.94.0", "", { "os": "linux", "cpu": "arm64" }, "sha512-5Y7FI2FgawingojBEo3df4sI/Sq73UhVZy3DlT9o94Pgu8o+ujlKPD20kFmOJ1jQNEJ4ScKr5vh6pemHSZjUgA=="],

    "@oxc-transform/binding-linux-arm64-musl": ["@oxc-transform/binding-linux-arm64-musl@0.94.0", "", { "os": "linux", "cpu": "arm64" }, "sha512-QiyHubpKo7upYPfwB+8bjaTczd60PJdL2zJrMKgL+CDlmP6HZlnWXZkeVTA3S6QXnbulRlrtERmqS2DePszG0g=="],

    "@oxc-transform/binding-linux-riscv64-gnu": ["@oxc-transform/binding-linux-riscv64-gnu@0.94.0", "", { "os": "linux", "cpu": "none" }, "sha512-vh3PZGmoUCbfkqVGuB7fweuqthYxzAAGqhiAJAn8x4V+R86W5esCtxbm+PTyVawBT/eoq1cU8HhNVqE0rQlChg=="],

    "@oxc-transform/binding-linux-s390x-gnu": ["@oxc-transform/binding-linux-s390x-gnu@0.94.0", "", { "os": "linux", "cpu": "s390x" }, "sha512-DT3m7cF612RdHBmYK3Ave6OVT1iSvlbKo8T+81n6ZcFXO+L8vDJHzwMwMOXfeOLQ15zr0WmSHqBOZ14tHKNidw=="],

    "@oxc-transform/binding-linux-x64-gnu": ["@oxc-transform/binding-linux-x64-gnu@0.94.0", "", { "os": "linux", "cpu": "x64" }, "sha512-kK5dt8wfxUD3MGXnLHWxv57oYinIwoRFcjw2oJD5DCoGTeXCmrFk4D0eGPAlZKOm7uvWMs9yNI8rg1KY5nEs1w=="],

    "@oxc-transform/binding-linux-x64-musl": ["@oxc-transform/binding-linux-x64-musl@0.94.0", "", { "os": "linux", "cpu": "x64" }, "sha512-+zfNBO2qEPcSPTHVUxsiG3Hm0vxWzuL+DZX0wbbtjKwwhH2Jr1Eo26R+Dwc1SfbvoWen36NitKkd2arkpMW8KQ=="],

    "@oxc-transform/binding-wasm32-wasi": ["@oxc-transform/binding-wasm32-wasi@0.94.0", "", { "dependencies": { "@napi-rs/wasm-runtime": "^1.0.6" }, "cpu": "none" }, "sha512-rn3c2wGT3ha6j0VLykYOkXU5YyQYIeGXRsDPP7xyiZHVTVssoM0X1BuheFlgxmC1POXMT+dAAcVOFG5MdW1bnQ=="],

    "@oxc-transform/binding-win32-arm64-msvc": ["@oxc-transform/binding-win32-arm64-msvc@0.94.0", "", { "os": "win32", "cpu": "arm64" }, "sha512-An/Dd+I8dH0b+VLEdfTrZP53S4Fha3w/aD71d1uZB14aU02hBt3ZwU8IE3RGZIJPxub9OZmCmJN66uTqkT6oXg=="],

    "@oxc-transform/binding-win32-x64-msvc": ["@oxc-transform/binding-win32-x64-msvc@0.94.0", "", { "os": "win32", "cpu": "x64" }, "sha512-HEE/8x6H67jPlkCDDB3xl74eR86zY6nLAql6onmidF5JPNXt9v2XGB6xEwr4brUIaMLPkl90plbdCy9jWhEjdQ=="],

    "@rolldown/binding-android-arm64": ["@rolldown/binding-android-arm64@1.0.0-beta.45", "", { "os": "android", "cpu": "arm64" }, "sha512-bfgKYhFiXJALeA/riil908+2vlyWGdwa7Ju5S+JgWZYdR4jtiPOGdM6WLfso1dojCh+4ZWeiTwPeV9IKQEX+4g=="],

    "@rolldown/binding-darwin-arm64": ["@rolldown/binding-darwin-arm64@1.0.0-beta.45", "", { "os": "darwin", "cpu": "arm64" }, "sha512-xjCv4CRVsSnnIxTuyH1RDJl5OEQ1c9JYOwfDAHddjJDxCw46ZX9q80+xq7Eok7KC4bRSZudMJllkvOKv0T9SeA=="],

    "@rolldown/binding-darwin-x64": ["@rolldown/binding-darwin-x64@1.0.0-beta.45", "", { "os": "darwin", "cpu": "x64" }, "sha512-ddcO9TD3D/CLUa/l8GO8LHzBOaZqWg5ClMy3jICoxwCuoz47h9dtqPsIeTiB6yR501LQTeDsjA4lIFd7u3Ljfw=="],

    "@rolldown/binding-freebsd-x64": ["@rolldown/binding-freebsd-x64@1.0.0-beta.45", "", { "os": "freebsd", "cpu": "x64" }, "sha512-MBTWdrzW9w+UMYDUvnEuh0pQvLENkl2Sis15fHTfHVW7ClbGuez+RWopZudIDEGkpZXdeI4CkRXk+vdIIebrmg=="],

    "@rolldown/binding-linux-arm-gnueabihf": ["@rolldown/binding-linux-arm-gnueabihf@1.0.0-beta.45", "", { "os": "linux", "cpu": "arm" }, "sha512-4YgoCFiki1HR6oSg+GxxfzfnVCesQxLF1LEnw9uXS/MpBmuog0EOO2rYfy69rWP4tFZL9IWp6KEfGZLrZ7aUog=="],

    "@rolldown/binding-linux-arm64-gnu": ["@rolldown/binding-linux-arm64-gnu@1.0.0-beta.45", "", { "os": "linux", "cpu": "arm64" }, "sha512-LE1gjAwQRrbCOorJJ7LFr10s5vqYf5a00V5Ea9wXcT2+56n5YosJkcp8eQ12FxRBv2YX8dsdQJb+ZTtYJwb6XQ=="],

    "@rolldown/binding-linux-arm64-musl": ["@rolldown/binding-linux-arm64-musl@1.0.0-beta.45", "", { "os": "linux", "cpu": "arm64" }, "sha512-tdy8ThO/fPp40B81v0YK3QC+KODOmzJzSUOO37DinQxzlTJ026gqUSOM8tzlVixRbQJltgVDCTYF8HNPRErQTA=="],

    "@rolldown/binding-linux-x64-gnu": ["@rolldown/binding-linux-x64-gnu@1.0.0-beta.45", "", { "os": "linux", "cpu": "x64" }, "sha512-lS082ROBWdmOyVY/0YB3JmsiClaWoxvC+dA8/rbhyB9VLkvVEaihLEOr4CYmrMse151C4+S6hCw6oa1iewox7g=="],

    "@rolldown/binding-linux-x64-musl": ["@rolldown/binding-linux-x64-musl@1.0.0-beta.45", "", { "os": "linux", "cpu": "x64" }, "sha512-Hi73aYY0cBkr1/SvNQqH8Cd+rSV6S9RB5izCv0ySBcRnd/Wfn5plguUoGYwBnhHgFbh6cPw9m2dUVBR6BG1gxA=="],

    "@rolldown/binding-openharmony-arm64": ["@rolldown/binding-openharmony-arm64@1.0.0-beta.45", "", { "os": "none", "cpu": "arm64" }, "sha512-fljEqbO7RHHogNDxYtTzr+GNjlfOx21RUyGmF+NrkebZ8emYYiIqzPxsaMZuRx0rgZmVmliOzEp86/CQFDKhJQ=="],

    "@rolldown/binding-wasm32-wasi": ["@rolldown/binding-wasm32-wasi@1.0.0-beta.45", "", { "dependencies": { "@napi-rs/wasm-runtime": "^1.0.7" }, "cpu": "none" }, "sha512-ZJDB7lkuZE9XUnWQSYrBObZxczut+8FZ5pdanm8nNS1DAo8zsrPuvGwn+U3fwU98WaiFsNrA4XHngesCGr8tEQ=="],

    "@rolldown/binding-win32-arm64-msvc": ["@rolldown/binding-win32-arm64-msvc@1.0.0-beta.45", "", { "os": "win32", "cpu": "arm64" }, "sha512-zyzAjItHPUmxg6Z8SyRhLdXlJn3/D9KL5b9mObUrBHhWS/GwRH4665xCiFqeuktAhhWutqfc+rOV2LjK4VYQGQ=="],

    "@rolldown/binding-win32-ia32-msvc": ["@rolldown/binding-win32-ia32-msvc@1.0.0-beta.45", "", { "os": "win32", "cpu": "ia32" }, "sha512-wODcGzlfxqS6D7BR0srkJk3drPwXYLu7jPHN27ce2c4PUnVVmJnp9mJzUQGT4LpmHmmVdMZ+P6hKvyTGBzc1CA=="],

    "@rolldown/binding-win32-x64-msvc": ["@rolldown/binding-win32-x64-msvc@1.0.0-beta.45", "", { "os": "win32", "cpu": "x64" }, "sha512-wiU40G1nQo9rtfvF9jLbl79lUgjfaD/LTyUEw2Wg/gdF5OhjzpKMVugZQngO+RNdwYaNj+Fs+kWBWfp4VXPMHA=="],

    "@rolldown/pluginutils": ["@rolldown/pluginutils@1.0.0-beta.45", "", {}, "sha512-Le9ulGCrD8ggInzWw/k2J8QcbPz7eGIOWqfJ2L+1R0Opm7n6J37s2hiDWlh6LJN0Lk9L5sUzMvRHKW7UxBZsQA=="],

    "@safe-std/error": ["@safe-std/error@2.0.4", "", {}, "sha512-O/yUTZJvA+NiZv+xDBFOazeyrbUOJ0flup2avJxqKoEVXRLoA97YoI4Z/J9Prhua9Rfpka1GRkSIMKOYFczsNA=="],

    "@tybys/wasm-util": ["@tybys/wasm-util@0.10.1", "", { "dependencies": { "tslib": "^2.4.0" } }, "sha512-9tTaPJLSiejZKx+Bmog4uSubteqTvFrVrURwkmHixBo0G4seD0zUxp98E1DzUBJxLQ3NPwXrGKDiVjwx/DpPsg=="],

    "@types/bun": ["@types/bun@1.3.1", "", { "dependencies": { "bun-types": "1.3.1" } }, "sha512-4jNMk2/K9YJtfqwoAa28c8wK+T7nvJFOjxI4h/7sORWcypRNxBpr+TPNaCfVWq70tLCJsqoFwcf0oI0JU/fvMQ=="],

    "@types/node": ["@types/node@24.9.2", "", { "dependencies": { "undici-types": "~7.16.0" } }, "sha512-uWN8YqxXxqFMX2RqGOrumsKeti4LlmIMIyV0lgut4jx7KQBcBiW6vkDtIBvHnHIquwNfJhk8v2OtmO8zXWHfPA=="],

    "@types/react": ["@types/react@19.2.2", "", { "dependencies": { "csstype": "^3.0.2" } }, "sha512-6mDvHUFSjyT2B2yeNx2nUgMxh9LtOWvkhIU3uePn2I2oyNymUAX1NIsdgviM4CH+JSrp2D2hsMvJOkxY+0wNRA=="],

    "bun-types": ["bun-types@1.3.1", "", { "dependencies": { "@types/node": "*" }, "peerDependencies": { "@types/react": "^19" } }, "sha512-NMrcy7smratanWJ2mMXdpatalovtxVggkj11bScuWuiOoXTiKIu2eVS1/7qbyI/4yHedtsn175n4Sm4JcdHLXw=="],

    "csstype": ["csstype@3.1.3", "", {}, "sha512-M1uQkMl8rQK/szD0LNhtqxIPLpimGm8sOBwU7lLnCpSbTyY3yeU1Vc7l4KT5zT4s/yOxHH5O7tIuuLOCnLADRw=="],

    "mitata": ["mitata@1.0.34", "", {}, "sha512-Mc3zrtNBKIMeHSCQ0XqRLo1vbdIx1wvFV9c8NJAiyho6AjNfMY8bVhbS12bwciUdd1t4rj8099CH3N3NFahaUA=="],

    "oxc-minify": ["oxc-minify@0.94.0", "", { "optionalDependencies": { "@oxc-minify/binding-android-arm64": "0.94.0", "@oxc-minify/binding-darwin-arm64": "0.94.0", "@oxc-minify/binding-darwin-x64": "0.94.0", "@oxc-minify/binding-freebsd-x64": "0.94.0", "@oxc-minify/binding-linux-arm-gnueabihf": "0.94.0", "@oxc-minify/binding-linux-arm-musleabihf": "0.94.0", "@oxc-minify/binding-linux-arm64-gnu": "0.94.0", "@oxc-minify/binding-linux-arm64-musl": "0.94.0", "@oxc-minify/binding-linux-riscv64-gnu": "0.94.0", "@oxc-minify/binding-linux-s390x-gnu": "0.94.0", "@oxc-minify/binding-linux-x64-gnu": "0.94.0", "@oxc-minify/binding-linux-x64-musl": "0.94.0", "@oxc-minify/binding-wasm32-wasi": "0.94.0", "@oxc-minify/binding-win32-arm64-msvc": "0.94.0", "@oxc-minify/binding-win32-x64-msvc": "0.94.0" } }, "sha512-7+9iyxwpzfjuiEnSqNJYzTsC1Oud742PPkr/4S1bGY930U4tApdLEK8zmgbT57c1/56cfNOndqZaeQZiAfnJ5A=="],

    "oxc-transform": ["oxc-transform@0.94.0", "", { "optionalDependencies": { "@oxc-transform/binding-android-arm64": "0.94.0", "@oxc-transform/binding-darwin-arm64": "0.94.0", "@oxc-transform/binding-darwin-x64": "0.94.0", "@oxc-transform/binding-freebsd-x64": "0.94.0", "@oxc-transform/binding-linux-arm-gnueabihf": "0.94.0", "@oxc-transform/binding-linux-arm-musleabihf": "0.94.0", "@oxc-transform/binding-linux-arm64-gnu": "0.94.0", "@oxc-transform/binding-linux-arm64-musl": "0.94.0", "@oxc-transform/binding-linux-riscv64-gnu": "0.94.0", "@oxc-transform/binding-linux-s390x-gnu": "0.94.0", "@oxc-transform/binding-linux-x64-gnu": "0.94.0", "@oxc-transform/binding-linux-x64-musl": "0.94.0", "@oxc-transform/binding-wasm32-wasi": "0.94.0", "@oxc-transform/binding-win32-arm64-msvc": "0.94.0", "@oxc-transform/binding-win32-x64-msvc": "0.94.0" } }, "sha512-nHFFyPVWNNe7WLsAiQ6iwfsuTW/1esT+BJg+9rlvcSa0mfcZTpNo3TlBfj9IerLdDmYHJnSYsx8jjFZhoGfZ1w=="],

    "rolldown": ["rolldown@1.0.0-beta.45", "", { "dependencies": { "@oxc-project/types": "=0.95.0", "@rolldown/pluginutils": "1.0.0-beta.45" }, "optionalDependencies": { "@rolldown/binding-android-arm64": "1.0.0-beta.45", "@rolldown/binding-darwin-arm64": "1.0.0-beta.45", "@rolldown/binding-darwin-x64": "1.0.0-beta.45", "@rolldown/binding-freebsd-x64": "1.0.0-beta.45", "@rolldown/binding-linux-arm-gnueabihf": "1.0.0-beta.45", "@rolldown/binding-linux-arm64-gnu": "1.0.0-beta.45", "@rolldown/binding-linux-arm64-musl": "1.0.0-beta.45", "@rolldown/binding-linux-x64-gnu": "1.0.0-beta.45", "@rolldown/binding-linux-x64-musl": "1.0.0-beta.45", "@rolldown/binding-openharmony-arm64": "1.0.0-beta.45", "@rolldown/binding-wasm32-wasi": "1.0.0-beta.45", "@rolldown/binding-win32-arm64-msvc": "1.0.0-beta.45", "@rolldown/binding-win32-ia32-msvc": "1.0.0-beta.45", "@rolldown/binding-win32-x64-msvc": "1.0.0-beta.45" }, "bin": { "rolldown": "bin/cli.mjs" } }, "sha512-iMmuD72XXLf26Tqrv1cryNYLX6NNPLhZ3AmNkSf8+xda0H+yijjGJ+wVT9UdBUHOpKzq9RjKtQKRCWoEKQQBZQ=="],

    "runtime-compiler": ["runtime-compiler@2.0.10", "", {}, "sha512-P6+OdyxtVLfEEbsWSzovzBDPLcT/+LycrtF8iphIXDpei8c94BFyhfHDc75DDnDomrX1r9hNVo+Pw5HqkpDDZg=="],

    "srvx": ["srvx@0.8.16", "", { "bin": { "srvx": "bin/srvx.mjs" } }, "sha512-hmcGW4CgroeSmzgF1Ihwgl+Ths0JqAJ7HwjP2X7e3JzY7u4IydLMcdnlqGQiQGUswz+PO9oh/KtCpOISIvs9QQ=="],

    "tslib": ["tslib@2.8.1", "", {}, "sha512-oJFu94HQb+KVduSUQL7wnpmqnfmLsOA/nAh6b6EH0wCEoK0/mPeXU6c3wKDV83MkOuHPRHtSXKKU99IBazS/2w=="],

    "typescript": ["typescript@5.9.3", "", { "bin": { "tsc": "bin/tsc", "tsserver": "bin/tsserver" } }, "sha512-jl1vZzPDinLr9eUt3J/t7V6FgNEw9QjvBPdysz9KfQDD41fQrC2Y4vKQdiaUpFT4bXlb1RHhLpp8wtm6M5TgSw=="],

    "undici-types": ["undici-types@7.16.0", "", {}, "sha512-Zz+aZWSj8LE6zoxD+xrjh4VfkIG8Ya6LvYkZqtUQGJPZjYl53ypCaUwWqo7eI0x66KBGeRo+mlBEkMSeSZ38Nw=="],
  }
}
