{
  "lockfileVersion": 1,
  "workspaces": {
    "": {
      "dependencies": {
        "@mapl/web": "../../lib",
        "@rollup/plugin-terser": "^0.4.4",
        "rolldown": "^1.0.0-beta.40",
        "winter-compat": "^0.1.8",
      },
    },
  },
  "packages": {
    "@emnapi/core": ["@emnapi/core@1.5.0", "", { "dependencies": { "@emnapi/wasi-threads": "1.1.0", "tslib": "^2.4.0" } }, "sha512-sbP8GzB1WDzacS8fgNPpHlp6C9VZe+SJP3F90W9rLemaQj2PzIuTEl1qDOYQf58YIpyjViI24y9aPWCjEzY2cg=="],

    "@emnapi/runtime": ["@emnapi/runtime@1.5.0", "", { "dependencies": { "tslib": "^2.4.0" } }, "sha512-97/BJ3iXHww3djw6hYIfErCZFee7qCtrneuLa20UXFCOTCfBM2cvQHjWJ2EG0s0MtdNwInarqCTz35i4wWXHsQ=="],

    "@emnapi/wasi-threads": ["@emnapi/wasi-threads@1.1.0", "", { "dependencies": { "tslib": "^2.4.0" } }, "sha512-WI0DdZ8xFSbgMjR1sFsKABJ/C5OnRrjT06JXbZKexJGrDuPTzZdDYfFlsgcCXCyf+suG5QU2e/y1Wo2V/OapLQ=="],

    "@jridgewell/gen-mapping": ["@jridgewell/gen-mapping@0.3.13", "", { "dependencies": { "@jridgewell/sourcemap-codec": "^1.5.0", "@jridgewell/trace-mapping": "^0.3.24" } }, "sha512-2kkt/7niJ6MgEPxF0bYdQ6etZaA+fQvDcLKckhy1yIQOzaoKjBBjSj63/aLVjYE3qhRt5dvM+uUyfCg6UKCBbA=="],

    "@jridgewell/resolve-uri": ["@jridgewell/resolve-uri@3.1.2", "", {}, "sha512-bRISgCIjP20/tbWSPWMEi54QVPRZExkuD9lJL+UIxUKtwVJA8wW1Trb1jMs1RFXo1CBTNZ/5hpC9QvmKWdopKw=="],

    "@jridgewell/source-map": ["@jridgewell/source-map@0.3.11", "", { "dependencies": { "@jridgewell/gen-mapping": "^0.3.5", "@jridgewell/trace-mapping": "^0.3.25" } }, "sha512-ZMp1V8ZFcPG5dIWnQLr3NSI1MiCU7UETdS/A0G8V/XWHvJv3ZsFqutJn1Y5RPmAPX6F3BiE397OqveU/9NCuIA=="],

    "@jridgewell/sourcemap-codec": ["@jridgewell/sourcemap-codec@1.5.5", "", {}, "sha512-cYQ9310grqxueWbl+WuIUIaiUaDcj7WOq5fVhEljNVgRfOUhY9fy2zTvfoqWsnebh8Sl70VScFbICvJnLKB0Og=="],

    "@jridgewell/trace-mapping": ["@jridgewell/trace-mapping@0.3.31", "", { "dependencies": { "@jridgewell/resolve-uri": "^3.1.0", "@jridgewell/sourcemap-codec": "^1.4.14" } }, "sha512-zzNR+SdQSDJzc8joaeP8QQoCQr8NuYx2dIIytl1QeBEZHJ9uW6hebsrYgbz8hJwUQao3TWCMtmfV8Nu1twOLAw=="],

    "@mapl/framework": ["@mapl/framework@0.5.2", "", { "peerDependencies": { "runtime-compiler": "^1.2.2" } }, "sha512-lUVy2Wyl81v6J6k83mTOZZezzZw0+BU3h7OHcdMuuOXYvfq9apKTm94egHdf7+AJetfprSfAbqwHMaF6nO57+Q=="],

    "@mapl/router": ["@mapl/router@0.6.2", "", {}, "sha512-qzGQnuVeapwNZxRcAH9zB4+cr3Q1AOLHjyhqeMVBfeJB6lYly2LHf7UsNEnT4KX4/KcxdNK7Te3ka/s327tmow=="],

    "@mapl/web": ["@mapl/web@file:../../lib", { "dependencies": { "@mapl/framework": "^0.5.2", "@mapl/router": "^0.6.2", "@safe-std/error": "^1.0.1", "runtime-compiler": "^1.2.5" } }],

    "@napi-rs/wasm-runtime": ["@napi-rs/wasm-runtime@1.0.5", "", { "dependencies": { "@emnapi/core": "^1.5.0", "@emnapi/runtime": "^1.5.0", "@tybys/wasm-util": "^0.10.1" } }, "sha512-TBr9Cf9onSAS2LQ2+QHx6XcC6h9+RIzJgbqG3++9TUZSH204AwEy5jg3BTQ0VATsyoGj4ee49tN/y6rvaOOtcg=="],

    "@oxc-project/types": ["@oxc-project/types@0.92.0", "", {}, "sha512-PDLfCbwgXjGdTBxzcuDOUxJYNBl6P8dOp3eDKWw54dYvqONan9rwGDRQU0zrkdEMiItfXQQUOI17uOcMX5Zm7A=="],

    "@rolldown/binding-android-arm64": ["@rolldown/binding-android-arm64@1.0.0-beta.40", "", { "os": "android", "cpu": "arm64" }, "sha512-9Ii9phC7QU6Lb+ncMfG1Xlosq0NBB1N/4sw+EGZ3y0BBWGy02TOb5ghWZalphAKv9rn1goqo5WkBjyd2YvsLmA=="],

    "@rolldown/binding-darwin-arm64": ["@rolldown/binding-darwin-arm64@1.0.0-beta.40", "", { "os": "darwin", "cpu": "arm64" }, "sha512-5O6d0y2tBQTL+ecQY3qXIwSnF1/Zik8q7LZMKeyF+VJ9l194d0IdMhl2zUF0cqWbYHuF4Pnxplk4OhurPQ/Z9Q=="],

    "@rolldown/binding-darwin-x64": ["@rolldown/binding-darwin-x64@1.0.0-beta.40", "", { "os": "darwin", "cpu": "x64" }, "sha512-izB9jygt3miPQbOTZfSu5K51isUplqa8ysByOKQqcJHgrBWmbTU8TM9eouv6tRmBR0kjcEcID9xhmA1CeZ1VIg=="],

    "@rolldown/binding-freebsd-x64": ["@rolldown/binding-freebsd-x64@1.0.0-beta.40", "", { "os": "freebsd", "cpu": "x64" }, "sha512-2fdpEpKT+wwP0vig9dqxu+toTeWmVSjo3psJQVDeLJ51rO+GXcCJ1IkCXjhMKVEevNtZS7B8T8Z2vvmRV9MAdA=="],

    "@rolldown/binding-linux-arm-gnueabihf": ["@rolldown/binding-linux-arm-gnueabihf@1.0.0-beta.40", "", { "os": "linux", "cpu": "arm" }, "sha512-HP2lo78OWULN+8TewpLbS9PS00jh0CaF04tA2u8z2I+6QgVgrYOYKvX+T0hlO5smgso4+qb3YchzumWJl3yCPQ=="],

    "@rolldown/binding-linux-arm64-gnu": ["@rolldown/binding-linux-arm64-gnu@1.0.0-beta.40", "", { "os": "linux", "cpu": "arm64" }, "sha512-ng00gfr9BhA2NPAOU5RWAlTiL+JcwAD+L+4yUD1sbBy6tgHdLiNBOvKtHISIF9RM9/eQeS0tAiWOYZGIH9JMew=="],

    "@rolldown/binding-linux-arm64-musl": ["@rolldown/binding-linux-arm64-musl@1.0.0-beta.40", "", { "os": "linux", "cpu": "arm64" }, "sha512-mF0R1l9kLcaag/9cLEiYYdNZ4v1uuX4jklSDZ1s6vJE4RB3LirUney0FavdVRwCJ5sDvfvsPgXgtBXWYr2M2tQ=="],

    "@rolldown/binding-linux-x64-gnu": ["@rolldown/binding-linux-x64-gnu@1.0.0-beta.40", "", { "os": "linux", "cpu": "x64" }, "sha512-+wi08S7wT5iLPHRZb0USrS6n+T6m+yY++dePYedE5uvKIpWCJJioFTaRtWjpm0V6dVNLcq2OukrvfdlGtH9Wgg=="],

    "@rolldown/binding-linux-x64-musl": ["@rolldown/binding-linux-x64-musl@1.0.0-beta.40", "", { "os": "linux", "cpu": "x64" }, "sha512-W5qBGAemUocIBKCcOsDjlV9GUt28qhl/+M6etWBeLS5gQK0J6XDg0YVzfOQdvq57ZGjYNP0NvhYzqhOOnEx+4g=="],

    "@rolldown/binding-openharmony-arm64": ["@rolldown/binding-openharmony-arm64@1.0.0-beta.40", "", { "os": "none", "cpu": "arm64" }, "sha512-vJwoDehtt+yqj2zacq1AqNc2uE/oh7mnRGqAUbuldV6pgvU01OSQUJ7Zu+35hTopnjFoDNN6mIezkYlGAv5RFA=="],

    "@rolldown/binding-wasm32-wasi": ["@rolldown/binding-wasm32-wasi@1.0.0-beta.40", "", { "dependencies": { "@napi-rs/wasm-runtime": "^1.0.5" }, "cpu": "none" }, "sha512-Oj3YyqVUPurr1FlMpEE/bJmMC+VWAWPM/SGUfklO5KUX97bk5Q/733nPg4RykK8q8/TluJoQYvRc05vL/B74dw=="],

    "@rolldown/binding-win32-arm64-msvc": ["@rolldown/binding-win32-arm64-msvc@1.0.0-beta.40", "", { "os": "win32", "cpu": "arm64" }, "sha512-0ZtO6yN8XjVoFfN4HDWQj4nDu3ndMybr7jIM00DJqOmc+yFhly7rdOy7fNR9Sky3leCpBtsXfepVqRmVpYKPVA=="],

    "@rolldown/binding-win32-ia32-msvc": ["@rolldown/binding-win32-ia32-msvc@1.0.0-beta.40", "", { "os": "win32", "cpu": "ia32" }, "sha512-BPl1inoJXPpIe38Ja46E4y11vXlJyuleo+9Rmu//pYL5fIDYJkXUj/oAXqjSuwLcssrcwnuPgzvzvlz9++cr3w=="],

    "@rolldown/binding-win32-x64-msvc": ["@rolldown/binding-win32-x64-msvc@1.0.0-beta.40", "", { "os": "win32", "cpu": "x64" }, "sha512-UguA4ltbAk+nbwHRxqaUP/etpTbR0HjyNlsu4Zjbh/ytNbFsbw8CA4tEBkwDyjgI5NIPea6xY11zpl7R2/ddVA=="],

    "@rolldown/pluginutils": ["@rolldown/pluginutils@1.0.0-beta.40", "", {}, "sha512-s3GeJKSQOwBlzdUrj4ISjJj5SfSh+aqn0wjOar4Bx95iV1ETI7F6S/5hLcfAxZ9kXDcyrAkxPlqmd1ZITttf+w=="],

    "@rollup/plugin-terser": ["@rollup/plugin-terser@0.4.4", "", { "dependencies": { "serialize-javascript": "^6.0.1", "smob": "^1.0.0", "terser": "^5.17.4" }, "peerDependencies": { "rollup": "^2.0.0||^3.0.0||^4.0.0" }, "optionalPeers": ["rollup"] }, "sha512-XHeJC5Bgvs8LfukDwWZp7yeqin6ns8RTl2B9avbejt6tZqsqvVoWI7ZTQrcNsfKEDWBTnTxM8nMDkO2IFFbd0A=="],

    "@safe-std/error": ["@safe-std/error@1.0.1", "", {}, "sha512-zEqlQHnETbvZcFNpmtBHbbCTW66qcDcnq4ow56rFlRvBtS4DxoAsfg72rtebZolMV9LCE+CJTCk2BVXXz7miwg=="],

    "@tybys/wasm-util": ["@tybys/wasm-util@0.10.1", "", { "dependencies": { "tslib": "^2.4.0" } }, "sha512-9tTaPJLSiejZKx+Bmog4uSubteqTvFrVrURwkmHixBo0G4seD0zUxp98E1DzUBJxLQ3NPwXrGKDiVjwx/DpPsg=="],

    "acorn": ["acorn@8.15.0", "", { "bin": { "acorn": "bin/acorn" } }, "sha512-NZyJarBfL7nWwIq+FDL6Zp/yHEhePMNnnJ0y3qfieCrmNvYct8uvtiV41UvlSe6apAfk0fY1FbWx+NwfmpvtTg=="],

    "ansis": ["ansis@4.1.0", "", {}, "sha512-BGcItUBWSMRgOCe+SVZJ+S7yTRG0eGt9cXAHev72yuGcY23hnLA7Bky5L/xLyPINoSN95geovfBkqoTlNZYa7w=="],

    "buffer-from": ["buffer-from@1.1.2", "", {}, "sha512-E+XQCRwSbaaiChtv6k6Dwgc+bx+Bs6vuKJHHl5kox/BaKbhiXzqQOwK4cO22yElGp2OCmjwVhT3HmxgyPGnJfQ=="],

    "commander": ["commander@2.20.3", "", {}, "sha512-GpVkmM8vF2vQUkj2LvZmD35JxeJOLCwJ9cUkugyk2nuhbv3+mJvpLYYt+0+USMxE+oj+ey/lJEnhZw75x/OMcQ=="],

    "randombytes": ["randombytes@2.1.0", "", { "dependencies": { "safe-buffer": "^5.1.0" } }, "sha512-vYl3iOX+4CKUWuxGi9Ukhie6fsqXqS9FE2Zaic4tNFD2N2QQaXOMFbuKK4QmDHC0JO6B1Zp41J0LpT0oR68amQ=="],

    "rolldown": ["rolldown@1.0.0-beta.40", "", { "dependencies": { "@oxc-project/types": "=0.92.0", "@rolldown/pluginutils": "1.0.0-beta.40", "ansis": "^4.0.0" }, "optionalDependencies": { "@rolldown/binding-android-arm64": "1.0.0-beta.40", "@rolldown/binding-darwin-arm64": "1.0.0-beta.40", "@rolldown/binding-darwin-x64": "1.0.0-beta.40", "@rolldown/binding-freebsd-x64": "1.0.0-beta.40", "@rolldown/binding-linux-arm-gnueabihf": "1.0.0-beta.40", "@rolldown/binding-linux-arm64-gnu": "1.0.0-beta.40", "@rolldown/binding-linux-arm64-musl": "1.0.0-beta.40", "@rolldown/binding-linux-x64-gnu": "1.0.0-beta.40", "@rolldown/binding-linux-x64-musl": "1.0.0-beta.40", "@rolldown/binding-openharmony-arm64": "1.0.0-beta.40", "@rolldown/binding-wasm32-wasi": "1.0.0-beta.40", "@rolldown/binding-win32-arm64-msvc": "1.0.0-beta.40", "@rolldown/binding-win32-ia32-msvc": "1.0.0-beta.40", "@rolldown/binding-win32-x64-msvc": "1.0.0-beta.40" }, "bin": { "rolldown": "bin/cli.mjs" } }, "sha512-VqEHbKpOgTPmQrZ4fVn4eshDQS/6g/fRpNE7cFSJY+eQLDZn4B9X61J6L+hnlt1u2uRI+pF7r1USs6S5fuWCvw=="],

    "runtime-compiler": ["runtime-compiler@1.2.5", "", {}, "sha512-FinuHAVkRyF17jnuOhgbq6yg6tn8nXzTgKaLeY3XL8TdiMBJTKhFN8hLy6SrJXJToiFx+qb4I9LysrDICpHSzQ=="],

    "safe-buffer": ["safe-buffer@5.2.1", "", {}, "sha512-rp3So07KcdmmKbGvgaNxQSJr7bGVSVk5S9Eq1F+ppbRo70+YeaDxkw5Dd8NPN+GD6bjnYm2VuPuCXmpuYvmCXQ=="],

    "serialize-javascript": ["serialize-javascript@6.0.2", "", { "dependencies": { "randombytes": "^2.1.0" } }, "sha512-Saa1xPByTTq2gdeFZYLLo+RFE35NHZkAbqZeWNd3BpzppeVisAqpDjcp8dyf6uIvEqJRd46jemmyA4iFIeVk8g=="],

    "smob": ["smob@1.5.0", "", {}, "sha512-g6T+p7QO8npa+/hNx9ohv1E5pVCmWrVCUzUXJyLdMmftX6ER0oiWY/w9knEonLpnOp6b6FenKnMfR8gqwWdwig=="],

    "source-map": ["source-map@0.6.1", "", {}, "sha512-UjgapumWlbMhkBgzT7Ykc5YXUT46F0iKu8SGXq0bcwP5dz/h0Plj6enJqjz1Zbq2l5WaqYnrVbwWOWMyF3F47g=="],

    "source-map-support": ["source-map-support@0.5.21", "", { "dependencies": { "buffer-from": "^1.0.0", "source-map": "^0.6.0" } }, "sha512-uBHU3L3czsIyYXKX88fdrGovxdSCoTGDRZ6SYXtSRxLZUzHg5P/66Ht6uoUlHu9EZod+inXhKo3qQgwXUT/y1w=="],

    "terser": ["terser@5.44.0", "", { "dependencies": { "@jridgewell/source-map": "^0.3.3", "acorn": "^8.15.0", "commander": "^2.20.0", "source-map-support": "~0.5.20" }, "bin": { "terser": "bin/terser" } }, "sha512-nIVck8DK+GM/0Frwd+nIhZ84pR/BX7rmXMfYwyg+Sri5oGVE99/E3KvXqpC2xHFxyqXyGHTKBSioxxplrO4I4w=="],

    "tslib": ["tslib@2.8.1", "", {}, "sha512-oJFu94HQb+KVduSUQL7wnpmqnfmLsOA/nAh6b6EH0wCEoK0/mPeXU6c3wKDV83MkOuHPRHtSXKKU99IBazS/2w=="],

    "uWebSockets.js": ["uWebSockets.js@github:uNetworking/uWebSockets.js#cfc9a40", {}, "uNetworking-uWebSockets.js-cfc9a40"],

    "winter-compat": ["winter-compat@0.1.8", "", { "optionalDependencies": { "uWebSockets.js": "uNetworking/uWebSockets.js#v20.52.0" } }, "sha512-vsgT0prgd5yN4dObNO6PnfE/FdB7BBS183y5phLaKBPRWLzpa8EL//hEj3wGRxDIvhjXO83Khzt3/NJb2lRjgw=="],
  }
}
